PODS:
  - CCNPreferencesWindowController (1.4.3)

DEPENDENCIES:
  - CCNPreferencesWindowController (from `https://github.com/brunophilipe/CCNPreferencesWindowController.git`)

EXTERNAL SOURCES:
  CCNPreferencesWindowController:
    :git: https://github.com/brunophilipe/CCNPreferencesWindowController.git

CHECKOUT OPTIONS:
  CCNPreferencesWindowController:
    :commit: ad349a56399873311e752e8a251da30c5cd08fbd
    :git: https://github.com/brunophilipe/CCNPreferencesWindowController.git

SPEC CHECKSUMS:
  CCNPreferencesWindowController: e89fc1d448197c6d20e995a4d6488142cae529f5

PODFILE CHECKSUM: 83c9c3eb8a129d6b13dfb3652fe32a836e20ec4a

COCOAPODS: 1.2.0
