PODS:
  - CCNPreferencesWindowController (1.4.3)
  - TRexAboutWindowController (1.5.3)

DEPENDENCIES:
  - CCNPreferencesWindowController (from `https://github.com/brunophilipe/CCNPreferencesWindowController.git`)
  - TRexAboutWindowController

EXTERNAL SOURCES:
  CCNPreferencesWindowController:
    :git: https://github.com/brunophilipe/CCNPreferencesWindowController.git

CHECKOUT OPTIONS:
  CCNPreferencesWindowController:
    :commit: ad349a56399873311e752e8a251da30c5cd08fbd
    :git: https://github.com/brunophilipe/CCNPreferencesWindowController.git

SPEC CHECKSUMS:
  CCNPreferencesWindowController: e89fc1d448197c6d20e995a4d6488142cae529f5
  TRexAboutWindowController: f25282990c62ccfd01f5012823d8334617d482ed

PODFILE CHECKSUM: 16bd144a0fcc86d1115620ec3aab7fc166295cda

COCOAPODS: 1.2.1
