// !$*UTF8*$!
{
	archiveVersion = 1;
	classes = {
	};
	objectVersion = 46;
	objects = {

/* Begin PBXBuildFile section */
		15C21D3A18A83D5500C9D410 /* Cocoa.framework in Frameworks */ = {isa = PBXBuildFile; fileRef = 15C21D3918A83D5500C9D410 /* Cocoa.framework */; };
		15C21D4418A83D5500C9D410 /* InfoPlist.strings in Resources */ = {isa = PBXBuildFile; fileRef = 15C21D4218A83D5500C9D410 /* InfoPlist.strings */; };
		15C21D4618A83D5500C9D410 /* main.m in Sources */ = {isa = PBXBuildFile; fileRef = 15C21D4518A83D5500C9D410 /* main.m */; };
		15C21D4A18A83D5500C9D410 /* Credits.rtf in Resources */ = {isa = PBXBuildFile; fileRef = 15C21D4818A83D5500C9D410 /* Credits.rtf */; };
		15C21D4D18A83D5500C9D410 /* BPDocument.m in Sources */ = {isa = PBXBuildFile; fileRef = 15C21D4C18A83D5500C9D410 /* BPDocument.m */; };
		15C21D5018A83D5500C9D410 /* BPDocument.xib in Resources */ = {isa = PBXBuildFile; fileRef = 15C21D4E18A83D5500C9D410 /* BPDocument.xib */; };
		15C21D5318A83D5500C9D410 /* MainMenu.xib in Resources */ = {isa = PBXBuildFile; fileRef = 15C21D5118A83D5500C9D410 /* MainMenu.xib */; };
		15C21D5518A83D5500C9D410 /* Images.xcassets in Resources */ = {isa = PBXBuildFile; fileRef = 15C21D5418A83D5500C9D410 /* Images.xcassets */; };
		15C21D5C18A83D5500C9D410 /* XCTest.framework in Frameworks */ = {isa = PBXBuildFile; fileRef = 15C21D5B18A83D5500C9D410 /* XCTest.framework */; };
		15C21D5D18A83D5500C9D410 /* Cocoa.framework in Frameworks */ = {isa = PBXBuildFile; fileRef = 15C21D3918A83D5500C9D410 /* Cocoa.framework */; };
		15C21D6518A83D5600C9D410 /* InfoPlist.strings in Resources */ = {isa = PBXBuildFile; fileRef = 15C21D6318A83D5600C9D410 /* InfoPlist.strings */; };
		15C21D6718A83D5600C9D410 /* TipTyperTests.m in Sources */ = {isa = PBXBuildFile; fileRef = 15C21D6618A83D5600C9D410 /* TipTyperTests.m */; };
		15C21D7218A83D7C00C9D410 /* BPDocumentWindow.m in Sources */ = {isa = PBXBuildFile; fileRef = 15C21D7118A83D7C00C9D410 /* BPDocumentWindow.m */; };
		15C21DA418A843E700C9D410 /* alignCenterTemplate.png in Resources */ = {isa = PBXBuildFile; fileRef = 15C21D9E18A843E700C9D410 /* alignCenterTemplate.png */; };
		15C21DA518A843E700C9D410 /* alignCenterTemplate@2x.png in Resources */ = {isa = PBXBuildFile; fileRef = 15C21D9F18A843E700C9D410 /* alignCenterTemplate@2x.png */; };
		15C21DA618A843E700C9D410 /* alignLeftTemplate.png in Resources */ = {isa = PBXBuildFile; fileRef = 15C21DA018A843E700C9D410 /* alignLeftTemplate.png */; };
		15C21DA718A843E700C9D410 /* alignLeftTemplate@2x.png in Resources */ = {isa = PBXBuildFile; fileRef = 15C21DA118A843E700C9D410 /* alignLeftTemplate@2x.png */; };
		15C21DA818A843E700C9D410 /* alignRightTemplate.png in Resources */ = {isa = PBXBuildFile; fileRef = 15C21DA218A843E700C9D410 /* alignRightTemplate.png */; };
		15C21DA918A843E700C9D410 /* alignRightTemplate@2x.png in Resources */ = {isa = PBXBuildFile; fileRef = 15C21DA318A843E700C9D410 /* alignRightTemplate@2x.png */; };
		15C21DAE18A8444A00C9D410 /* marginNarrowTemplate.png in Resources */ = {isa = PBXBuildFile; fileRef = 15C21DAA18A8444A00C9D410 /* marginNarrowTemplate.png */; };
		15C21DAF18A8444A00C9D410 /* marginNarrowTemplate@2x.png in Resources */ = {isa = PBXBuildFile; fileRef = 15C21DAB18A8444A00C9D410 /* marginNarrowTemplate@2x.png */; };
		15C21DB018A8444A00C9D410 /* marginWideTemplate.png in Resources */ = {isa = PBXBuildFile; fileRef = 15C21DAC18A8444A00C9D410 /* marginWideTemplate.png */; };
		15C21DB118A8444A00C9D410 /* marginWideTemplate@2x.png in Resources */ = {isa = PBXBuildFile; fileRef = 15C21DAD18A8444A00C9D410 /* marginWideTemplate@2x.png */; };
		15C21DB418A8458100C9D410 /* printTemplate.png in Resources */ = {isa = PBXBuildFile; fileRef = 15C21DB218A8458100C9D410 /* printTemplate.png */; };
		15C21DB518A8458100C9D410 /* printTemplate@2x.png in Resources */ = {isa = PBXBuildFile; fileRef = 15C21DB318A8458100C9D410 /* printTemplate@2x.png */; };
		15C21DB818A850C000C9D410 /* linesTemplate.png in Resources */ = {isa = PBXBuildFile; fileRef = 15C21DB618A850C000C9D410 /* linesTemplate.png */; };
		15C21DB918A850C000C9D410 /* linesTemplate@2x.png in Resources */ = {isa = PBXBuildFile; fileRef = 15C21DB718A850C000C9D410 /* linesTemplate@2x.png */; };
		15C21DBC18A8514900C9D410 /* infoTemplate.png in Resources */ = {isa = PBXBuildFile; fileRef = 15C21DBA18A8514900C9D410 /* infoTemplate.png */; };
		15C21DBD18A8514900C9D410 /* infoTemplate@2x.png in Resources */ = {isa = PBXBuildFile; fileRef = 15C21DBB18A8514900C9D410 /* infoTemplate@2x.png */; };
		15C21DC618A8580B00C9D410 /* MarkerLineNumberView.m in Sources */ = {isa = PBXBuildFile; fileRef = 15C21DC118A8580B00C9D410 /* MarkerLineNumberView.m */; };
		15C21DC718A8580B00C9D410 /* NoodleLineNumberMarker.m in Sources */ = {isa = PBXBuildFile; fileRef = 15C21DC318A8580B00C9D410 /* NoodleLineNumberMarker.m */; };
		15C21DC818A8580B00C9D410 /* NoodleLineNumberView.m in Sources */ = {isa = PBXBuildFile; fileRef = 15C21DC518A8580B00C9D410 /* NoodleLineNumberView.m */; };
		15C21DCA18A933D800C9D410 /* Localizable.strings in Resources */ = {isa = PBXBuildFile; fileRef = 15C21DC918A933D800C9D410 /* Localizable.strings */; };
		15C21DD118A94A4E00C9D410 /* NSString+WordsCount.m in Sources */ = {isa = PBXBuildFile; fileRef = 15C21DD018A94A4E00C9D410 /* NSString+WordsCount.m */; };
		15C21DD418A94A5D00C9D410 /* BPBackgroundView.m in Sources */ = {isa = PBXBuildFile; fileRef = 15C21DD318A94A5D00C9D410 /* BPBackgroundView.m */; };
		15C21DD718A94F6800C9D410 /* BPTopBarView.m in Sources */ = {isa = PBXBuildFile; fileRef = 15C21DD618A94F6800C9D410 /* BPTopBarView.m */; };
/* End PBXBuildFile section */

/* Begin PBXContainerItemProxy section */
		15C21D5E18A83D5600C9D410 /* PBXContainerItemProxy */ = {
			isa = PBXContainerItemProxy;
			containerPortal = 15C21D2E18A83D5500C9D410 /* Project object */;
			proxyType = 1;
			remoteGlobalIDString = 15C21D3518A83D5500C9D410;
			remoteInfo = TipTyper;
		};
/* End PBXContainerItemProxy section */

/* Begin PBXFileReference section */
		15C21D3618A83D5500C9D410 /* TipTyper.app */ = {isa = PBXFileReference; explicitFileType = wrapper.application; includeInIndex = 0; path = TipTyper.app; sourceTree = BUILT_PRODUCTS_DIR; };
		15C21D3918A83D5500C9D410 /* Cocoa.framework */ = {isa = PBXFileReference; lastKnownFileType = wrapper.framework; name = Cocoa.framework; path = System/Library/Frameworks/Cocoa.framework; sourceTree = SDKROOT; };
		15C21D3C18A83D5500C9D410 /* AppKit.framework */ = {isa = PBXFileReference; lastKnownFileType = wrapper.framework; name = AppKit.framework; path = System/Library/Frameworks/AppKit.framework; sourceTree = SDKROOT; };
		15C21D3D18A83D5500C9D410 /* CoreData.framework */ = {isa = PBXFileReference; lastKnownFileType = wrapper.framework; name = CoreData.framework; path = System/Library/Frameworks/CoreData.framework; sourceTree = SDKROOT; };
		15C21D3E18A83D5500C9D410 /* Foundation.framework */ = {isa = PBXFileReference; lastKnownFileType = wrapper.framework; name = Foundation.framework; path = System/Library/Frameworks/Foundation.framework; sourceTree = SDKROOT; };
		15C21D4118A83D5500C9D410 /* TipTyper-Info.plist */ = {isa = PBXFileReference; lastKnownFileType = text.plist.xml; path = "TipTyper-Info.plist"; sourceTree = "<group>"; };
		15C21D4318A83D5500C9D410 /* en */ = {isa = PBXFileReference; lastKnownFileType = text.plist.strings; name = en; path = en.lproj/InfoPlist.strings; sourceTree = "<group>"; };
		15C21D4518A83D5500C9D410 /* main.m */ = {isa = PBXFileReference; lastKnownFileType = sourcecode.c.objc; path = main.m; sourceTree = "<group>"; };
		15C21D4718A83D5500C9D410 /* TipTyper-Prefix.pch */ = {isa = PBXFileReference; lastKnownFileType = sourcecode.c.h; path = "TipTyper-Prefix.pch"; sourceTree = "<group>"; };
		15C21D4918A83D5500C9D410 /* en */ = {isa = PBXFileReference; lastKnownFileType = text.rtf; name = en; path = en.lproj/Credits.rtf; sourceTree = "<group>"; };
		15C21D4B18A83D5500C9D410 /* BPDocument.h */ = {isa = PBXFileReference; lastKnownFileType = sourcecode.c.h; path = BPDocument.h; sourceTree = "<group>"; };
		15C21D4C18A83D5500C9D410 /* BPDocument.m */ = {isa = PBXFileReference; lastKnownFileType = sourcecode.c.objc; path = BPDocument.m; sourceTree = "<group>"; };
		15C21D4F18A83D5500C9D410 /* Base */ = {isa = PBXFileReference; lastKnownFileType = file.xib; name = Base; path = Base.lproj/BPDocument.xib; sourceTree = "<group>"; };
		15C21D5218A83D5500C9D410 /* Base */ = {isa = PBXFileReference; lastKnownFileType = file.xib; name = Base; path = Base.lproj/MainMenu.xib; sourceTree = "<group>"; };
		15C21D5418A83D5500C9D410 /* Images.xcassets */ = {isa = PBXFileReference; lastKnownFileType = folder.assetcatalog; path = Images.xcassets; sourceTree = "<group>"; };
		15C21D5A18A83D5500C9D410 /* TipTyperTests.xctest */ = {isa = PBXFileReference; explicitFileType = wrapper.cfbundle; includeInIndex = 0; path = TipTyperTests.xctest; sourceTree = BUILT_PRODUCTS_DIR; };
		15C21D5B18A83D5500C9D410 /* XCTest.framework */ = {isa = PBXFileReference; lastKnownFileType = wrapper.framework; name = XCTest.framework; path = Library/Frameworks/XCTest.framework; sourceTree = DEVELOPER_DIR; };
		15C21D6218A83D5600C9D410 /* TipTyperTests-Info.plist */ = {isa = PBXFileReference; lastKnownFileType = text.plist.xml; path = "TipTyperTests-Info.plist"; sourceTree = "<group>"; };
		15C21D6418A83D5600C9D410 /* en */ = {isa = PBXFileReference; lastKnownFileType = text.plist.strings; name = en; path = en.lproj/InfoPlist.strings; sourceTree = "<group>"; };
		15C21D6618A83D5600C9D410 /* TipTyperTests.m */ = {isa = PBXFileReference; lastKnownFileType = sourcecode.c.objc; path = TipTyperTests.m; sourceTree = "<group>"; };
		15C21D7018A83D7C00C9D410 /* BPDocumentWindow.h */ = {isa = PBXFileReference; fileEncoding = 4; lastKnownFileType = sourcecode.c.h; path = BPDocumentWindow.h; sourceTree = "<group>"; };
		15C21D7118A83D7C00C9D410 /* BPDocumentWindow.m */ = {isa = PBXFileReference; fileEncoding = 4; lastKnownFileType = sourcecode.c.objc; path = BPDocumentWindow.m; sourceTree = "<group>"; };
		15C21D9E18A843E700C9D410 /* alignCenterTemplate.png */ = {isa = PBXFileReference; lastKnownFileType = image.png; path = alignCenterTemplate.png; sourceTree = "<group>"; };
		15C21D9F18A843E700C9D410 /* alignCenterTemplate@2x.png */ = {isa = PBXFileReference; lastKnownFileType = image.png; path = "alignCenterTemplate@2x.png"; sourceTree = "<group>"; };
		15C21DA018A843E700C9D410 /* alignLeftTemplate.png */ = {isa = PBXFileReference; lastKnownFileType = image.png; path = alignLeftTemplate.png; sourceTree = "<group>"; };
		15C21DA118A843E700C9D410 /* alignLeftTemplate@2x.png */ = {isa = PBXFileReference; lastKnownFileType = image.png; path = "alignLeftTemplate@2x.png"; sourceTree = "<group>"; };
		15C21DA218A843E700C9D410 /* alignRightTemplate.png */ = {isa = PBXFileReference; lastKnownFileType = image.png; path = alignRightTemplate.png; sourceTree = "<group>"; };
		15C21DA318A843E700C9D410 /* alignRightTemplate@2x.png */ = {isa = PBXFileReference; lastKnownFileType = image.png; path = "alignRightTemplate@2x.png"; sourceTree = "<group>"; };
		15C21DAA18A8444A00C9D410 /* marginNarrowTemplate.png */ = {isa = PBXFileReference; lastKnownFileType = image.png; path = marginNarrowTemplate.png; sourceTree = "<group>"; };
		15C21DAB18A8444A00C9D410 /* marginNarrowTemplate@2x.png */ = {isa = PBXFileReference; lastKnownFileType = image.png; path = "marginNarrowTemplate@2x.png"; sourceTree = "<group>"; };
		15C21DAC18A8444A00C9D410 /* marginWideTemplate.png */ = {isa = PBXFileReference; lastKnownFileType = image.png; path = marginWideTemplate.png; sourceTree = "<group>"; };
		15C21DAD18A8444A00C9D410 /* marginWideTemplate@2x.png */ = {isa = PBXFileReference; lastKnownFileType = image.png; path = "marginWideTemplate@2x.png"; sourceTree = "<group>"; };
		15C21DB218A8458100C9D410 /* printTemplate.png */ = {isa = PBXFileReference; lastKnownFileType = image.png; path = printTemplate.png; sourceTree = "<group>"; };
		15C21DB318A8458100C9D410 /* printTemplate@2x.png */ = {isa = PBXFileReference; lastKnownFileType = image.png; path = "printTemplate@2x.png"; sourceTree = "<group>"; };
		15C21DB618A850C000C9D410 /* linesTemplate.png */ = {isa = PBXFileReference; lastKnownFileType = image.png; path = linesTemplate.png; sourceTree = "<group>"; };
		15C21DB718A850C000C9D410 /* linesTemplate@2x.png */ = {isa = PBXFileReference; lastKnownFileType = image.png; path = "linesTemplate@2x.png"; sourceTree = "<group>"; };
		15C21DBA18A8514900C9D410 /* infoTemplate.png */ = {isa = PBXFileReference; lastKnownFileType = image.png; path = infoTemplate.png; sourceTree = "<group>"; };
		15C21DBB18A8514900C9D410 /* infoTemplate@2x.png */ = {isa = PBXFileReference; lastKnownFileType = image.png; path = "infoTemplate@2x.png"; sourceTree = "<group>"; };
		15C21DC018A8580B00C9D410 /* MarkerLineNumberView.h */ = {isa = PBXFileReference; fileEncoding = 4; lastKnownFileType = sourcecode.c.h; path = MarkerLineNumberView.h; sourceTree = "<group>"; };
		15C21DC118A8580B00C9D410 /* MarkerLineNumberView.m */ = {isa = PBXFileReference; fileEncoding = 4; lastKnownFileType = sourcecode.c.objc; path = MarkerLineNumberView.m; sourceTree = "<group>"; };
		15C21DC218A8580B00C9D410 /* NoodleLineNumberMarker.h */ = {isa = PBXFileReference; fileEncoding = 4; lastKnownFileType = sourcecode.c.h; path = NoodleLineNumberMarker.h; sourceTree = "<group>"; };
		15C21DC318A8580B00C9D410 /* NoodleLineNumberMarker.m */ = {isa = PBXFileReference; fileEncoding = 4; lastKnownFileType = sourcecode.c.objc; path = NoodleLineNumberMarker.m; sourceTree = "<group>"; };
		15C21DC418A8580B00C9D410 /* NoodleLineNumberView.h */ = {isa = PBXFileReference; fileEncoding = 4; lastKnownFileType = sourcecode.c.h; path = NoodleLineNumberView.h; sourceTree = "<group>"; };
		15C21DC518A8580B00C9D410 /* NoodleLineNumberView.m */ = {isa = PBXFileReference; fileEncoding = 4; lastKnownFileType = sourcecode.c.objc; path = NoodleLineNumberView.m; sourceTree = "<group>"; };
		15C21DC918A933D800C9D410 /* Localizable.strings */ = {isa = PBXFileReference; fileEncoding = 4; lastKnownFileType = text.plist.strings; path = Localizable.strings; sourceTree = "<group>"; };
		15C21DCF18A94A4E00C9D410 /* NSString+WordsCount.h */ = {isa = PBXFileReference; fileEncoding = 4; lastKnownFileType = sourcecode.c.h; name = "NSString+WordsCount.h"; path = "Classes/NSString+WordsCount.h"; sourceTree = "<group>"; };
		15C21DD018A94A4E00C9D410 /* NSString+WordsCount.m */ = {isa = PBXFileReference; fileEncoding = 4; lastKnownFileType = sourcecode.c.objc; name = "NSString+WordsCount.m"; path = "Classes/NSString+WordsCount.m"; sourceTree = "<group>"; };
		15C21DD218A94A5D00C9D410 /* BPBackgroundView.h */ = {isa = PBXFileReference; fileEncoding = 4; lastKnownFileType = sourcecode.c.h; name = BPBackgroundView.h; path = Classes/BPBackgroundView.h; sourceTree = "<group>"; };
		15C21DD318A94A5D00C9D410 /* BPBackgroundView.m */ = {isa = PBXFileReference; fileEncoding = 4; lastKnownFileType = sourcecode.c.objc; name = BPBackgroundView.m; path = Classes/BPBackgroundView.m; sourceTree = "<group>"; };
		15C21DD518A94F6800C9D410 /* BPTopBarView.h */ = {isa = PBXFileReference; fileEncoding = 4; lastKnownFileType = sourcecode.c.h; name = BPTopBarView.h; path = Classes/BPTopBarView.h; sourceTree = "<group>"; };
		15C21DD618A94F6800C9D410 /* BPTopBarView.m */ = {isa = PBXFileReference; fileEncoding = 4; lastKnownFileType = sourcecode.c.objc; name = BPTopBarView.m; path = Classes/BPTopBarView.m; sourceTree = "<group>"; };
/* End PBXFileReference section */

/* Begin PBXFrameworksBuildPhase section */
		15C21D3318A83D5500C9D410 /* Frameworks */ = {
			isa = PBXFrameworksBuildPhase;
			buildActionMask = 2147483647;
			files = (
				15C21D3A18A83D5500C9D410 /* Cocoa.framework in Frameworks */,
			);
			runOnlyForDeploymentPostprocessing = 0;
		};
		15C21D5718A83D5500C9D410 /* Frameworks */ = {
			isa = PBXFrameworksBuildPhase;
			buildActionMask = 2147483647;
			files = (
				15C21D5D18A83D5500C9D410 /* Cocoa.framework in Frameworks */,
				15C21D5C18A83D5500C9D410 /* XCTest.framework in Frameworks */,
			);
			runOnlyForDeploymentPostprocessing = 0;
		};
/* End PBXFrameworksBuildPhase section */

/* Begin PBXGroup section */
		15C21D2D18A83D5500C9D410 = {
			isa = PBXGroup;
			children = (
				15C21D3F18A83D5500C9D410 /* TipTyper */,
				15C21D6018A83D5600C9D410 /* TipTyperTests */,
				15C21D3818A83D5500C9D410 /* Frameworks */,
				15C21D3718A83D5500C9D410 /* Products */,
			);
			sourceTree = "<group>";
		};
		15C21D3718A83D5500C9D410 /* Products */ = {
			isa = PBXGroup;
			children = (
				15C21D3618A83D5500C9D410 /* TipTyper.app */,
				15C21D5A18A83D5500C9D410 /* TipTyperTests.xctest */,
			);
			name = Products;
			sourceTree = "<group>";
		};
		15C21D3818A83D5500C9D410 /* Frameworks */ = {
			isa = PBXGroup;
			children = (
				15C21D3918A83D5500C9D410 /* Cocoa.framework */,
				15C21D5B18A83D5500C9D410 /* XCTest.framework */,
				15C21D3B18A83D5500C9D410 /* Other Frameworks */,
			);
			name = Frameworks;
			sourceTree = "<group>";
		};
		15C21D3B18A83D5500C9D410 /* Other Frameworks */ = {
			isa = PBXGroup;
			children = (
				15C21D3C18A83D5500C9D410 /* AppKit.framework */,
				15C21D3D18A83D5500C9D410 /* CoreData.framework */,
				15C21D3E18A83D5500C9D410 /* Foundation.framework */,
			);
			name = "Other Frameworks";
			sourceTree = "<group>";
		};
		15C21D3F18A83D5500C9D410 /* TipTyper */ = {
			isa = PBXGroup;
			children = (
				15C21DCB18A9341400C9D410 /* Classes */,
				15C21DBE18A8580B00C9D410 /* Libraries */,
				15C21D7318A83E4E00C9D410 /* Icons */,
				15C21D4B18A83D5500C9D410 /* BPDocument.h */,
				15C21D4C18A83D5500C9D410 /* BPDocument.m */,
				15C21D4E18A83D5500C9D410 /* BPDocument.xib */,
				15C21D5118A83D5500C9D410 /* MainMenu.xib */,
				15C21D7018A83D7C00C9D410 /* BPDocumentWindow.h */,
				15C21D7118A83D7C00C9D410 /* BPDocumentWindow.m */,
				15C21D5418A83D5500C9D410 /* Images.xcassets */,
				15C21D4018A83D5500C9D410 /* Supporting Files */,
			);
			path = TipTyper;
			sourceTree = "<group>";
		};
		15C21D4018A83D5500C9D410 /* Supporting Files */ = {
			isa = PBXGroup;
			children = (
				15C21D4118A83D5500C9D410 /* TipTyper-Info.plist */,
				15C21D4218A83D5500C9D410 /* InfoPlist.strings */,
				15C21D4518A83D5500C9D410 /* main.m */,
				15C21D4718A83D5500C9D410 /* TipTyper-Prefix.pch */,
				15C21D4818A83D5500C9D410 /* Credits.rtf */,
				15C21DC918A933D800C9D410 /* Localizable.strings */,
			);
			name = "Supporting Files";
			sourceTree = "<group>";
		};
		15C21D6018A83D5600C9D410 /* TipTyperTests */ = {
			isa = PBXGroup;
			children = (
				15C21D6618A83D5600C9D410 /* TipTyperTests.m */,
				15C21D6118A83D5600C9D410 /* Supporting Files */,
			);
			path = TipTyperTests;
			sourceTree = "<group>";
		};
		15C21D6118A83D5600C9D410 /* Supporting Files */ = {
			isa = PBXGroup;
			children = (
				15C21D6218A83D5600C9D410 /* TipTyperTests-Info.plist */,
				15C21D6318A83D5600C9D410 /* InfoPlist.strings */,
			);
			name = "Supporting Files";
			sourceTree = "<group>";
		};
		15C21D7318A83E4E00C9D410 /* Icons */ = {
			isa = PBXGroup;
			children = (
				15C21D9E18A843E700C9D410 /* alignCenterTemplate.png */,
				15C21D9F18A843E700C9D410 /* alignCenterTemplate@2x.png */,
				15C21DA018A843E700C9D410 /* alignLeftTemplate.png */,
				15C21DA118A843E700C9D410 /* alignLeftTemplate@2x.png */,
				15C21DA218A843E700C9D410 /* alignRightTemplate.png */,
				15C21DA318A843E700C9D410 /* alignRightTemplate@2x.png */,
				15C21DAA18A8444A00C9D410 /* marginNarrowTemplate.png */,
				15C21DAB18A8444A00C9D410 /* marginNarrowTemplate@2x.png */,
				15C21DAC18A8444A00C9D410 /* marginWideTemplate.png */,
				15C21DAD18A8444A00C9D410 /* marginWideTemplate@2x.png */,
				15C21DB218A8458100C9D410 /* printTemplate.png */,
				15C21DB318A8458100C9D410 /* printTemplate@2x.png */,
				15C21DB618A850C000C9D410 /* linesTemplate.png */,
				15C21DB718A850C000C9D410 /* linesTemplate@2x.png */,
				15C21DBA18A8514900C9D410 /* infoTemplate.png */,
				15C21DBB18A8514900C9D410 /* infoTemplate@2x.png */,
			);
			path = Icons;
			sourceTree = "<group>";
		};
		15C21DBE18A8580B00C9D410 /* Libraries */ = {
			isa = PBXGroup;
			children = (
				15C21DBF18A8580B00C9D410 /* LineCounter */,
			);
			path = Libraries;
			sourceTree = "<group>";
		};
		15C21DBF18A8580B00C9D410 /* LineCounter */ = {
			isa = PBXGroup;
			children = (
				15C21DC018A8580B00C9D410 /* MarkerLineNumberView.h */,
				15C21DC118A8580B00C9D410 /* MarkerLineNumberView.m */,
				15C21DC218A8580B00C9D410 /* NoodleLineNumberMarker.h */,
				15C21DC318A8580B00C9D410 /* NoodleLineNumberMarker.m */,
				15C21DC418A8580B00C9D410 /* NoodleLineNumberView.h */,
				15C21DC518A8580B00C9D410 /* NoodleLineNumberView.m */,
			);
			path = LineCounter;
			sourceTree = "<group>";
		};
		15C21DCB18A9341400C9D410 /* Classes */ = {
			isa = PBXGroup;
			children = (
				15C21DCF18A94A4E00C9D410 /* NSString+WordsCount.h */,
				15C21DD018A94A4E00C9D410 /* NSString+WordsCount.m */,
				15C21DD218A94A5D00C9D410 /* BPBackgroundView.h */,
				15C21DD318A94A5D00C9D410 /* BPBackgroundView.m */,
				15C21DD518A94F6800C9D410 /* BPTopBarView.h */,
				15C21DD618A94F6800C9D410 /* BPTopBarView.m */,
			);
			name = Classes;
			sourceTree = "<group>";
		};
/* End PBXGroup section */

/* Begin PBXNativeTarget section */
		15C21D3518A83D5500C9D410 /* TipTyper */ = {
			isa = PBXNativeTarget;
			buildConfigurationList = 15C21D6A18A83D5600C9D410 /* Build configuration list for PBXNativeTarget "TipTyper" */;
			buildPhases = (
				15C21D3218A83D5500C9D410 /* Sources */,
				15C21D3318A83D5500C9D410 /* Frameworks */,
				15C21D3418A83D5500C9D410 /* Resources */,
			);
			buildRules = (
			);
			dependencies = (
			);
			name = TipTyper;
			productName = TipTyper;
			productReference = 15C21D3618A83D5500C9D410 /* TipTyper.app */;
			productType = "com.apple.product-type.application";
		};
		15C21D5918A83D5500C9D410 /* TipTyperTests */ = {
			isa = PBXNativeTarget;
			buildConfigurationList = 15C21D6D18A83D5600C9D410 /* Build configuration list for PBXNativeTarget "TipTyperTests" */;
			buildPhases = (
				15C21D5618A83D5500C9D410 /* Sources */,
				15C21D5718A83D5500C9D410 /* Frameworks */,
				15C21D5818A83D5500C9D410 /* Resources */,
			);
			buildRules = (
			);
			dependencies = (
				15C21D5F18A83D5600C9D410 /* PBXTargetDependency */,
			);
			name = TipTyperTests;
			productName = TipTyperTests;
			productReference = 15C21D5A18A83D5500C9D410 /* TipTyperTests.xctest */;
			productType = "com.apple.product-type.bundle.unit-test";
		};
/* End PBXNativeTarget section */

/* Begin PBXProject section */
		15C21D2E18A83D5500C9D410 /* Project object */ = {
			isa = PBXProject;
			attributes = {
				CLASSPREFIX = BP;
				LastUpgradeCheck = 0510;
				ORGANIZATIONNAME = "Bruno Philipe";
				TargetAttributes = {
					15C21D5918A83D5500C9D410 = {
						TestTargetID = 15C21D3518A83D5500C9D410;
					};
				};
			};
			buildConfigurationList = 15C21D3118A83D5500C9D410 /* Build configuration list for PBXProject "TipTyper" */;
			compatibilityVersion = "Xcode 3.2";
			developmentRegion = English;
			hasScannedForEncodings = 0;
			knownRegions = (
				en,
				Base,
			);
			mainGroup = 15C21D2D18A83D5500C9D410;
			productRefGroup = 15C21D3718A83D5500C9D410 /* Products */;
			projectDirPath = "";
			projectRoot = "";
			targets = (
				15C21D3518A83D5500C9D410 /* TipTyper */,
				15C21D5918A83D5500C9D410 /* TipTyperTests */,
			);
		};
/* End PBXProject section */

/* Begin PBXResourcesBuildPhase section */
		15C21D3418A83D5500C9D410 /* Resources */ = {
			isa = PBXResourcesBuildPhase;
			buildActionMask = 2147483647;
			files = (
				15C21DB018A8444A00C9D410 /* marginWideTemplate.png in Resources */,
				15C21DA518A843E700C9D410 /* alignCenterTemplate@2x.png in Resources */,
				15C21DA918A843E700C9D410 /* alignRightTemplate@2x.png in Resources */,
				15C21D4418A83D5500C9D410 /* InfoPlist.strings in Resources */,
				15C21DB918A850C000C9D410 /* linesTemplate@2x.png in Resources */,
				15C21DA718A843E700C9D410 /* alignLeftTemplate@2x.png in Resources */,
				15C21DA618A843E700C9D410 /* alignLeftTemplate.png in Resources */,
				15C21DA818A843E700C9D410 /* alignRightTemplate.png in Resources */,
				15C21D5518A83D5500C9D410 /* Images.xcassets in Resources */,
				15C21DB518A8458100C9D410 /* printTemplate@2x.png in Resources */,
				15C21DB118A8444A00C9D410 /* marginWideTemplate@2x.png in Resources */,
				15C21DA418A843E700C9D410 /* alignCenterTemplate.png in Resources */,
				15C21D5018A83D5500C9D410 /* BPDocument.xib in Resources */,
				15C21DCA18A933D800C9D410 /* Localizable.strings in Resources */,
				15C21D4A18A83D5500C9D410 /* Credits.rtf in Resources */,
				15C21DBD18A8514900C9D410 /* infoTemplate@2x.png in Resources */,
				15C21DB818A850C000C9D410 /* linesTemplate.png in Resources */,
				15C21DBC18A8514900C9D410 /* infoTemplate.png in Resources */,
				15C21DAE18A8444A00C9D410 /* marginNarrowTemplate.png in Resources */,
				15C21DB418A8458100C9D410 /* printTemplate.png in Resources */,
				15C21D5318A83D5500C9D410 /* MainMenu.xib in Resources */,
				15C21DAF18A8444A00C9D410 /* marginNarrowTemplate@2x.png in Resources */,
			);
			runOnlyForDeploymentPostprocessing = 0;
		};
		15C21D5818A83D5500C9D410 /* Resources */ = {
			isa = PBXResourcesBuildPhase;
			buildActionMask = 2147483647;
			files = (
				15C21D6518A83D5600C9D410 /* InfoPlist.strings in Resources */,
			);
			runOnlyForDeploymentPostprocessing = 0;
		};
/* End PBXResourcesBuildPhase section */

/* Begin PBXSourcesBuildPhase section */
		15C21D3218A83D5500C9D410 /* Sources */ = {
			isa = PBXSourcesBuildPhase;
			buildActionMask = 2147483647;
			files = (
				15C21DD418A94A5D00C9D410 /* BPBackgroundView.m in Sources */,
				15C21DC818A8580B00C9D410 /* NoodleLineNumberView.m in Sources */,
				15C21DD718A94F6800C9D410 /* BPTopBarView.m in Sources */,
				15C21DC718A8580B00C9D410 /* NoodleLineNumberMarker.m in Sources */,
				15C21DD118A94A4E00C9D410 /* NSString+WordsCount.m in Sources */,
				15C21D4D18A83D5500C9D410 /* BPDocument.m in Sources */,
				15C21D4618A83D5500C9D410 /* main.m in Sources */,
				15C21D7218A83D7C00C9D410 /* BPDocumentWindow.m in Sources */,
				15C21DC618A8580B00C9D410 /* MarkerLineNumberView.m in Sources */,
			);
			runOnlyForDeploymentPostprocessing = 0;
		};
		15C21D5618A83D5500C9D410 /* Sources */ = {
			isa = PBXSourcesBuildPhase;
			buildActionMask = 2147483647;
			files = (
				15C21D6718A83D5600C9D410 /* TipTyperTests.m in Sources */,
			);
			runOnlyForDeploymentPostprocessing = 0;
		};
/* End PBXSourcesBuildPhase section */

/* Begin PBXTargetDependency section */
		15C21D5F18A83D5600C9D410 /* PBXTargetDependency */ = {
			isa = PBXTargetDependency;
			target = 15C21D3518A83D5500C9D410 /* TipTyper */;
			targetProxy = 15C21D5E18A83D5600C9D410 /* PBXContainerItemProxy */;
		};
/* End PBXTargetDependency section */

/* Begin PBXVariantGroup section */
		15C21D4218A83D5500C9D410 /* InfoPlist.strings */ = {
			isa = PBXVariantGroup;
			children = (
				15C21D4318A83D5500C9D410 /* en */,
			);
			name = InfoPlist.strings;
			sourceTree = "<group>";
		};
		15C21D4818A83D5500C9D410 /* Credits.rtf */ = {
			isa = PBXVariantGroup;
			children = (
				15C21D4918A83D5500C9D410 /* en */,
			);
			name = Credits.rtf;
			sourceTree = "<group>";
		};
		15C21D4E18A83D5500C9D410 /* BPDocument.xib */ = {
			isa = PBXVariantGroup;
			children = (
				15C21D4F18A83D5500C9D410 /* Base */,
			);
			name = BPDocument.xib;
			sourceTree = "<group>";
		};
		15C21D5118A83D5500C9D410 /* MainMenu.xib */ = {
			isa = PBXVariantGroup;
			children = (
				15C21D5218A83D5500C9D410 /* Base */,
			);
			name = MainMenu.xib;
			sourceTree = "<group>";
		};
		15C21D6318A83D5600C9D410 /* InfoPlist.strings */ = {
			isa = PBXVariantGroup;
			children = (
				15C21D6418A83D5600C9D410 /* en */,
			);
			name = InfoPlist.strings;
			sourceTree = "<group>";
		};
/* End PBXVariantGroup section */

/* Begin XCBuildConfiguration section */
		15C21D6818A83D5600C9D410 /* Debug */ = {
			isa = XCBuildConfiguration;
			buildSettings = {
				ALWAYS_SEARCH_USER_PATHS = NO;
				CLANG_CXX_LANGUAGE_STANDARD = "gnu++0x";
				CLANG_CXX_LIBRARY = "libc++";
				CLANG_ENABLE_MODULES = YES;
				CLANG_ENABLE_OBJC_ARC = YES;
				CLANG_WARN_BOOL_CONVERSION = YES;
				CLANG_WARN_CONSTANT_CONVERSION = YES;
				CLANG_WARN_DIRECT_OBJC_ISA_USAGE = YES_ERROR;
				CLANG_WARN_EMPTY_BODY = YES;
				CLANG_WARN_ENUM_CONVERSION = YES;
				CLANG_WARN_INT_CONVERSION = YES;
				CLANG_WARN_OBJC_ROOT_CLASS = YES_ERROR;
				CLANG_WARN__DUPLICATE_METHOD_MATCH = YES;
				COPY_PHASE_STRIP = NO;
				GCC_C_LANGUAGE_STANDARD = gnu99;
				GCC_DYNAMIC_NO_PIC = NO;
				GCC_ENABLE_OBJC_EXCEPTIONS = YES;
				GCC_OPTIMIZATION_LEVEL = 0;
				GCC_PREPROCESSOR_DEFINITIONS = (
					"DEBUG=1",
					"$(inherited)",
				);
				GCC_SYMBOLS_PRIVATE_EXTERN = NO;
				GCC_WARN_64_TO_32_BIT_CONVERSION = YES;
				GCC_WARN_ABOUT_RETURN_TYPE = YES_ERROR;
				GCC_WARN_UNDECLARED_SELECTOR = YES;
				GCC_WARN_UNINITIALIZED_AUTOS = YES_AGGRESSIVE;
				GCC_WARN_UNUSED_FUNCTION = YES;
				GCC_WARN_UNUSED_VARIABLE = YES;
				MACOSX_DEPLOYMENT_TARGET = 10.9;
				ONLY_ACTIVE_ARCH = YES;
				SDKROOT = macosx;
			};
			name = Debug;
		};
		15C21D6918A83D5600C9D410 /* Release */ = {
			isa = XCBuildConfiguration;
			buildSettings = {
				ALWAYS_SEARCH_USER_PATHS = NO;
				CLANG_CXX_LANGUAGE_STANDARD = "gnu++0x";
				CLANG_CXX_LIBRARY = "libc++";
				CLANG_ENABLE_MODULES = YES;
				CLANG_ENABLE_OBJC_ARC = YES;
				CLANG_WARN_BOOL_CONVERSION = YES;
				CLANG_WARN_CONSTANT_CONVERSION = YES;
				CLANG_WARN_DIRECT_OBJC_ISA_USAGE = YES_ERROR;
				CLANG_WARN_EMPTY_BODY = YES;
				CLANG_WARN_ENUM_CONVERSION = YES;
				CLANG_WARN_INT_CONVERSION = YES;
				CLANG_WARN_OBJC_ROOT_CLASS = YES_ERROR;
				CLANG_WARN__DUPLICATE_METHOD_MATCH = YES;
				COPY_PHASE_STRIP = YES;
				DEBUG_INFORMATION_FORMAT = "dwarf-with-dsym";
				ENABLE_NS_ASSERTIONS = NO;
				GCC_C_LANGUAGE_STANDARD = gnu99;
				GCC_ENABLE_OBJC_EXCEPTIONS = YES;
				GCC_WARN_64_TO_32_BIT_CONVERSION = YES;
				GCC_WARN_ABOUT_RETURN_TYPE = YES_ERROR;
				GCC_WARN_UNDECLARED_SELECTOR = YES;
				GCC_WARN_UNINITIALIZED_AUTOS = YES_AGGRESSIVE;
				GCC_WARN_UNUSED_FUNCTION = YES;
				GCC_WARN_UNUSED_VARIABLE = YES;
				MACOSX_DEPLOYMENT_TARGET = 10.9;
				SDKROOT = macosx;
			};
			name = Release;
		};
		15C21D6B18A83D5600C9D410 /* Debug */ = {
			isa = XCBuildConfiguration;
			buildSettings = {
				ASSETCATALOG_COMPILER_APPICON_NAME = AppIcon;
				COMBINE_HIDPI_IMAGES = YES;
				GCC_PRECOMPILE_PREFIX_HEADER = YES;
				GCC_PREFIX_HEADER = "TipTyper/TipTyper-Prefix.pch";
				INFOPLIST_FILE = "TipTyper/TipTyper-Info.plist";
				PRODUCT_NAME = "$(TARGET_NAME)";
				WRAPPER_EXTENSION = app;
			};
			name = Debug;
		};
		15C21D6C18A83D5600C9D410 /* Release */ = {
			isa = XCBuildConfiguration;
			buildSettings = {
				ASSETCATALOG_COMPILER_APPICON_NAME = AppIcon;
				COMBINE_HIDPI_IMAGES = YES;
				GCC_PRECOMPILE_PREFIX_HEADER = YES;
				GCC_PREFIX_HEADER = "TipTyper/TipTyper-Prefix.pch";
				INFOPLIST_FILE = "TipTyper/TipTyper-Info.plist";
				PRODUCT_NAME = "$(TARGET_NAME)";
				WRAPPER_EXTENSION = app;
			};
			name = Release;
		};
		15C21D6E18A83D5600C9D410 /* Debug */ = {
			isa = XCBuildConfiguration;
			buildSettings = {
				BUNDLE_LOADER = "$(BUILT_PRODUCTS_DIR)/TipTyper.app/Contents/MacOS/TipTyper";
				COMBINE_HIDPI_IMAGES = YES;
				FRAMEWORK_SEARCH_PATHS = (
					"$(DEVELOPER_FRAMEWORKS_DIR)",
					"$(inherited)",
				);
				GCC_PRECOMPILE_PREFIX_HEADER = YES;
				GCC_PREFIX_HEADER = "TipTyper/TipTyper-Prefix.pch";
				GCC_PREPROCESSOR_DEFINITIONS = (
					"DEBUG=1",
					"$(inherited)",
				);
				INFOPLIST_FILE = "TipTyperTests/TipTyperTests-Info.plist";
				PRODUCT_NAME = "$(TARGET_NAME)";
				TEST_HOST = "$(BUNDLE_LOADER)";
				WRAPPER_EXTENSION = xctest;
			};
			name = Debug;
		};
		15C21D6F18A83D5600C9D410 /* Release */ = {
			isa = XCBuildConfiguration;
			buildSettings = {
				BUNDLE_LOADER = "$(BUILT_PRODUCTS_DIR)/TipTyper.app/Contents/MacOS/TipTyper";
				COMBINE_HIDPI_IMAGES = YES;
				FRAMEWORK_SEARCH_PATHS = (
					"$(DEVELOPER_FRAMEWORKS_DIR)",
					"$(inherited)",
				);
				GCC_PRECOMPILE_PREFIX_HEADER = YES;
				GCC_PREFIX_HEADER = "TipTyper/TipTyper-Prefix.pch";
				INFOPLIST_FILE = "TipTyperTests/TipTyperTests-Info.plist";
				PRODUCT_NAME = "$(TARGET_NAME)";
				TEST_HOST = "$(BUNDLE_LOADER)";
				WRAPPER_EXTENSION = xctest;
			};
			name = Release;
		};
/* End XCBuildConfiguration section */

/* Begin XCConfigurationList section */
		15C21D3118A83D5500C9D410 /* Build configuration list for PBXProject "TipTyper" */ = {
			isa = XCConfigurationList;
			buildConfigurations = (
				15C21D6818A83D5600C9D410 /* Debug */,
				15C21D6918A83D5600C9D410 /* Release */,
			);
			defaultConfigurationIsVisible = 0;
			defaultConfigurationName = Release;
		};
		15C21D6A18A83D5600C9D410 /* Build configuration list for PBXNativeTarget "TipTyper" */ = {
			isa = XCConfigurationList;
			buildConfigurations = (
				15C21D6B18A83D5600C9D410 /* Debug */,
				15C21D6C18A83D5600C9D410 /* Release */,
			);
			defaultConfigurationIsVisible = 0;
		};
		15C21D6D18A83D5600C9D410 /* Build configuration list for PBXNativeTarget "TipTyperTests" */ = {
			isa = XCConfigurationList;
			buildConfigurations = (
				15C21D6E18A83D5600C9D410 /* Debug */,
				15C21D6F18A83D5600C9D410 /* Release */,
			);
			defaultConfigurationIsVisible = 0;
		};
/* End XCConfigurationList section */
	};
	rootObject = 15C21D2E18A83D5500C9D410 /* Project object */;
}
