// !$*UTF8*$!
{
	archiveVersion = 1;
	classes = {
	};
	objectVersion = 46;
	objects = {

/* Begin PBXBuildFile section */
		1501FBBB1E65944F00AEB80E /* EditorPreferencesViewController.swift in Sources */ = {isa = PBXBuildFile; fileRef = 1501FBB91E65944F00AEB80E /* EditorPreferencesViewController.swift */; };
		1501FBBC1E65944F00AEB80E /* EditorPreferencesViewController.xib in Resources */ = {isa = PBXBuildFile; fileRef = 1501FBBA1E65944F00AEB80E /* EditorPreferencesViewController.xib */; };
		1501FBBE1E65948600AEB80E /* PreferencesController.swift in Sources */ = {isa = PBXBuildFile; fileRef = 1501FBBD1E65948600AEB80E /* PreferencesController.swift */; };
		150CFAC11E2A83CF000B69E5 /* Document.xib in Resources */ = {isa = PBXBuildFile; fileRef = 150CFABF1E2A83CF000B69E5 /* Document.xib */; };
		150CFAC31E2A83CF000B69E5 /* Assets.xcassets in Resources */ = {isa = PBXBuildFile; fileRef = 150CFAC21E2A83CF000B69E5 /* Assets.xcassets */; };
		150CFAC61E2A83CF000B69E5 /* MainMenu.xib in Resources */ = {isa = PBXBuildFile; fileRef = 150CFAC41E2A83CF000B69E5 /* MainMenu.xib */; };
		150DB9B11E626B49001569D7 /* AssignIf.swift in Sources */ = {isa = PBXBuildFile; fileRef = 150DB9B01E626B49001569D7 /* AssignIf.swift */; };
		15276E5F1E5BBEEF0032EDE4 /* Preferences.swift in Sources */ = {isa = PBXBuildFile; fileRef = 15276E5E1E5BBEEF0032EDE4 /* Preferences.swift */; };
		15276E621E5BCD120032EDE4 /* BackgroundView.swift in Sources */ = {isa = PBXBuildFile; fileRef = 15276E611E5BCD120032EDE4 /* BackgroundView.swift */; };
		15276E641E5BD0DE0032EDE4 /* PaddedTextView.swift in Sources */ = {isa = PBXBuildFile; fileRef = 15276E631E5BD0DE0032EDE4 /* PaddedTextView.swift */; };
		15276E671E5CD5380032EDE4 /* NSColor+Additions.swift in Sources */ = {isa = PBXBuildFile; fileRef = 15276E661E5CD5380032EDE4 /* NSColor+Additions.swift */; };
		153AF9E31E5F095A00B19308 /* ThemePreferencesController.swift in Sources */ = {isa = PBXBuildFile; fileRef = 153AF9E11E5F095A00B19308 /* ThemePreferencesController.swift */; };
		153AF9E41E5F095A00B19308 /* ThemePreferencesController.xib in Resources */ = {isa = PBXBuildFile; fileRef = 153AF9E21E5F095A00B19308 /* ThemePreferencesController.xib */; };
		15933C7A1E5B922900AFF625 /* Document.swift in Sources */ = {isa = PBXBuildFile; fileRef = 15933C791E5B922900AFF625 /* Document.swift */; };
		15933C7D1E5B924A00AFF625 /* AppDelegate.swift in Sources */ = {isa = PBXBuildFile; fileRef = 15933C7C1E5B924A00AFF625 /* AppDelegate.swift */; };
		15933C811E5BBC8000AFF625 /* DocumentWindow.swift in Sources */ = {isa = PBXBuildFile; fileRef = 15933C801E5BBC8000AFF625 /* DocumentWindow.swift */; };
		15CA3FBF1E5CE9FC008ACD8D /* EditorView.swift in Sources */ = {isa = PBXBuildFile; fileRef = 15CA3FBE1E5CE9FC008ACD8D /* EditorView.swift */; };
		15CA3FC11E5CEAD2008ACD8D /* LineCounterRulerView.swift in Sources */ = {isa = PBXBuildFile; fileRef = 15CA3FC01E5CEAD2008ACD8D /* LineCounterRulerView.swift */; };
		15DB0BE91E64FD9B00170795 /* EditorTheme.swift in Sources */ = {isa = PBXBuildFile; fileRef = 15DB0BE81E64FD9B00170795 /* EditorTheme.swift */; };
		15DB0BEB1E64FDEF00170795 /* InvisiblesLayoutManager.swift in Sources */ = {isa = PBXBuildFile; fileRef = 15DB0BEA1E64FDEF00170795 /* InvisiblesLayoutManager.swift */; };
		15DB0F801E6270AB009813E3 /* FileWatcher.swift in Sources */ = {isa = PBXBuildFile; fileRef = 15DB0F7F1E6270AB009813E3 /* FileWatcher.swift */; };
		3D7A680C75BCECB5BA2B9257 /* EncodingTool.swift in Sources */ = {isa = PBXBuildFile; fileRef = 3D7A6C0A027D106C80C687DC /* EncodingTool.swift */; };
		CF1A49CE9BF42C5A58BC5947 /* Pods_TipTyper.framework in Frameworks */ = {isa = PBXBuildFile; fileRef = 5CB1CAF82C9CF4B28564B21E /* Pods_TipTyper.framework */; };
/* End PBXBuildFile section */

/* Begin PBXFileReference section */
		1501FBB91E65944F00AEB80E /* EditorPreferencesViewController.swift */ = {isa = PBXFileReference; fileEncoding = 4; lastKnownFileType = sourcecode.swift; name = EditorPreferencesViewController.swift; path = "View Controllers/Preferences/EditorPreferencesViewController.swift"; sourceTree = "<group>"; };
		1501FBBA1E65944F00AEB80E /* EditorPreferencesViewController.xib */ = {isa = PBXFileReference; fileEncoding = 4; lastKnownFileType = file.xib; name = EditorPreferencesViewController.xib; path = "View Controllers/Preferences/EditorPreferencesViewController.xib"; sourceTree = "<group>"; };
		1501FBBD1E65948600AEB80E /* PreferencesController.swift */ = {isa = PBXFileReference; fileEncoding = 4; lastKnownFileType = sourcecode.swift; name = PreferencesController.swift; path = "View Controllers/Preferences/PreferencesController.swift"; sourceTree = "<group>"; };
		150CFAB81E2A83CF000B69E5 /* TipTyper.app */ = {isa = PBXFileReference; explicitFileType = wrapper.application; includeInIndex = 0; path = TipTyper.app; sourceTree = BUILT_PRODUCTS_DIR; };
		150CFAC01E2A83CF000B69E5 /* Base */ = {isa = PBXFileReference; lastKnownFileType = file.xib; name = Base; path = Base.lproj/Document.xib; sourceTree = "<group>"; };
		150CFAC21E2A83CF000B69E5 /* Assets.xcassets */ = {isa = PBXFileReference; lastKnownFileType = folder.assetcatalog; path = Assets.xcassets; sourceTree = "<group>"; };
		150CFAC51E2A83CF000B69E5 /* Base */ = {isa = PBXFileReference; lastKnownFileType = file.xib; name = Base; path = Base.lproj/MainMenu.xib; sourceTree = "<group>"; };
		150CFAC71E2A83CF000B69E5 /* Info.plist */ = {isa = PBXFileReference; lastKnownFileType = text.plist.xml; path = Info.plist; sourceTree = "<group>"; };
		150DB9B01E626B49001569D7 /* AssignIf.swift */ = {isa = PBXFileReference; fileEncoding = 4; lastKnownFileType = sourcecode.swift; name = AssignIf.swift; path = Extensions/AssignIf.swift; sourceTree = "<group>"; };
		15276E5E1E5BBEEF0032EDE4 /* Preferences.swift */ = {isa = PBXFileReference; fileEncoding = 4; lastKnownFileType = sourcecode.swift; name = Preferences.swift; path = Application/Preferences.swift; sourceTree = "<group>"; };
		15276E611E5BCD120032EDE4 /* BackgroundView.swift */ = {isa = PBXFileReference; fileEncoding = 4; lastKnownFileType = sourcecode.swift; name = BackgroundView.swift; path = Views/BackgroundView.swift; sourceTree = "<group>"; };
		15276E631E5BD0DE0032EDE4 /* PaddedTextView.swift */ = {isa = PBXFileReference; fileEncoding = 4; lastKnownFileType = sourcecode.swift; name = PaddedTextView.swift; path = Views/PaddedTextView.swift; sourceTree = "<group>"; };
		15276E661E5CD5380032EDE4 /* NSColor+Additions.swift */ = {isa = PBXFileReference; fileEncoding = 4; lastKnownFileType = sourcecode.swift; name = "NSColor+Additions.swift"; path = "Extensions/NSColor+Additions.swift"; sourceTree = "<group>"; };
		153AF9E11E5F095A00B19308 /* ThemePreferencesController.swift */ = {isa = PBXFileReference; fileEncoding = 4; lastKnownFileType = sourcecode.swift; name = ThemePreferencesController.swift; path = "View Controllers/Preferences/ThemePreferencesController.swift"; sourceTree = "<group>"; };
		153AF9E21E5F095A00B19308 /* ThemePreferencesController.xib */ = {isa = PBXFileReference; fileEncoding = 4; lastKnownFileType = file.xib; name = ThemePreferencesController.xib; path = "View Controllers/Preferences/ThemePreferencesController.xib"; sourceTree = "<group>"; };
		15933C791E5B922900AFF625 /* Document.swift */ = {isa = PBXFileReference; fileEncoding = 4; lastKnownFileType = sourcecode.swift; name = Document.swift; path = Document/Document.swift; sourceTree = "<group>"; };
		15933C7C1E5B924A00AFF625 /* AppDelegate.swift */ = {isa = PBXFileReference; fileEncoding = 4; lastKnownFileType = sourcecode.swift; name = AppDelegate.swift; path = Application/AppDelegate.swift; sourceTree = "<group>"; };
		15933C801E5BBC8000AFF625 /* DocumentWindow.swift */ = {isa = PBXFileReference; fileEncoding = 4; lastKnownFileType = sourcecode.swift; name = DocumentWindow.swift; path = Document/DocumentWindow.swift; sourceTree = "<group>"; };
		15CA3FBE1E5CE9FC008ACD8D /* EditorView.swift */ = {isa = PBXFileReference; fileEncoding = 4; lastKnownFileType = sourcecode.swift; name = EditorView.swift; path = Views/EditorView.swift; sourceTree = "<group>"; };
		15CA3FC01E5CEAD2008ACD8D /* LineCounterRulerView.swift */ = {isa = PBXFileReference; fileEncoding = 4; lastKnownFileType = sourcecode.swift; name = LineCounterRulerView.swift; path = Views/LineCounterRulerView.swift; sourceTree = "<group>"; };
		15DB0BE81E64FD9B00170795 /* EditorTheme.swift */ = {isa = PBXFileReference; fileEncoding = 4; lastKnownFileType = sourcecode.swift; name = EditorTheme.swift; path = Application/EditorTheme.swift; sourceTree = "<group>"; };
		15DB0BEA1E64FDEF00170795 /* InvisiblesLayoutManager.swift */ = {isa = PBXFileReference; fileEncoding = 4; lastKnownFileType = sourcecode.swift; name = InvisiblesLayoutManager.swift; path = Application/InvisiblesLayoutManager.swift; sourceTree = "<group>"; };
		15DB0F7F1E6270AB009813E3 /* FileWatcher.swift */ = {isa = PBXFileReference; fileEncoding = 4; lastKnownFileType = sourcecode.swift; name = FileWatcher.swift; path = Application/FileWatcher.swift; sourceTree = "<group>"; };
		3D7A6C0A027D106C80C687DC /* EncodingTool.swift */ = {isa = PBXFileReference; fileEncoding = 4; lastKnownFileType = sourcecode.swift; name = EncodingTool.swift; path = Application/EncodingTool.swift; sourceTree = "<group>"; };
		5CB1CAF82C9CF4B28564B21E /* Pods_TipTyper.framework */ = {isa = PBXFileReference; explicitFileType = wrapper.framework; includeInIndex = 0; path = Pods_TipTyper.framework; sourceTree = BUILT_PRODUCTS_DIR; };
		8305FE045E64B12622FEA705 /* Pods-TipTyper.debug.xcconfig */ = {isa = PBXFileReference; includeInIndex = 1; lastKnownFileType = text.xcconfig; name = "Pods-TipTyper.debug.xcconfig"; path = "Pods/Target Support Files/Pods-TipTyper/Pods-TipTyper.debug.xcconfig"; sourceTree = "<group>"; };
		91224F4191845E34F99B14F6 /* Pods-TipTyper.release.xcconfig */ = {isa = PBXFileReference; includeInIndex = 1; lastKnownFileType = text.xcconfig; name = "Pods-TipTyper.release.xcconfig"; path = "Pods/Target Support Files/Pods-TipTyper/Pods-TipTyper.release.xcconfig"; sourceTree = "<group>"; };
/* End PBXFileReference section */

/* Begin PBXFrameworksBuildPhase section */
		150CFAB51E2A83CF000B69E5 /* Frameworks */ = {
			isa = PBXFrameworksBuildPhase;
			buildActionMask = 2147483647;
			files = (
				CF1A49CE9BF42C5A58BC5947 /* Pods_TipTyper.framework in Frameworks */,
			);
			runOnlyForDeploymentPostprocessing = 0;
		};
/* End PBXFrameworksBuildPhase section */

/* Begin PBXGroup section */
		150CFAAF1E2A83CF000B69E5 = {
			isa = PBXGroup;
			children = (
				150CFABA1E2A83CF000B69E5 /* TipTyper */,
				150CFAB91E2A83CF000B69E5 /* Products */,
				BCE72710A52A2D92235FA696 /* Pods */,
				5C714300CE77464A75A3EFE4 /* Frameworks */,
			);
			sourceTree = "<group>";
		};
		150CFAB91E2A83CF000B69E5 /* Products */ = {
			isa = PBXGroup;
			children = (
				150CFAB81E2A83CF000B69E5 /* TipTyper.app */,
			);
			name = Products;
			sourceTree = "<group>";
		};
		150CFABA1E2A83CF000B69E5 /* TipTyper */ = {
			isa = PBXGroup;
			children = (
				15933C7B1E5B922E00AFF625 /* Application */,
				15933C781E5B920D00AFF625 /* Document */,
				15276E601E5BCCFA0032EDE4 /* Views */,
				153AF9E01E5F092100B19308 /* View Controllers */,
				15276E651E5CD5050032EDE4 /* Extensions */,
			);
			path = TipTyper;
			sourceTree = "<group>";
		};
		15276E601E5BCCFA0032EDE4 /* Views */ = {
			isa = PBXGroup;
			children = (
				15276E611E5BCD120032EDE4 /* BackgroundView.swift */,
				15276E631E5BD0DE0032EDE4 /* PaddedTextView.swift */,
				15CA3FBE1E5CE9FC008ACD8D /* EditorView.swift */,
				15CA3FC01E5CEAD2008ACD8D /* LineCounterRulerView.swift */,
			);
			name = Views;
			sourceTree = "<group>";
		};
		15276E651E5CD5050032EDE4 /* Extensions */ = {
			isa = PBXGroup;
			children = (
				15276E661E5CD5380032EDE4 /* NSColor+Additions.swift */,
				150DB9B01E626B49001569D7 /* AssignIf.swift */,
			);
			name = Extensions;
			sourceTree = "<group>";
		};
		153AF9DF1E5F08E700B19308 /* Preferences */ = {
			isa = PBXGroup;
			children = (
				1501FBBD1E65948600AEB80E /* PreferencesController.swift */,
				153AF9E11E5F095A00B19308 /* ThemePreferencesController.swift */,
				153AF9E21E5F095A00B19308 /* ThemePreferencesController.xib */,
				1501FBB91E65944F00AEB80E /* EditorPreferencesViewController.swift */,
				1501FBBA1E65944F00AEB80E /* EditorPreferencesViewController.xib */,
			);
			name = Preferences;
			sourceTree = "<group>";
		};
		153AF9E01E5F092100B19308 /* View Controllers */ = {
			isa = PBXGroup;
			children = (
				153AF9DF1E5F08E700B19308 /* Preferences */,
			);
			name = "View Controllers";
			sourceTree = "<group>";
		};
		15933C781E5B920D00AFF625 /* Document */ = {
			isa = PBXGroup;
			children = (
				15933C791E5B922900AFF625 /* Document.swift */,
				15933C801E5BBC8000AFF625 /* DocumentWindow.swift */,
				150CFABF1E2A83CF000B69E5 /* Document.xib */,
			);
			name = Document;
			sourceTree = "<group>";
		};
		15933C7B1E5B922E00AFF625 /* Application */ = {
			isa = PBXGroup;
			children = (
				15DB0BE81E64FD9B00170795 /* EditorTheme.swift */,
				15933C7C1E5B924A00AFF625 /* AppDelegate.swift */,
				15276E5E1E5BBEEF0032EDE4 /* Preferences.swift */,
				150CFAC41E2A83CF000B69E5 /* MainMenu.xib */,
				150CFAC71E2A83CF000B69E5 /* Info.plist */,
				150CFAC21E2A83CF000B69E5 /* Assets.xcassets */,
				15DB0F7F1E6270AB009813E3 /* FileWatcher.swift */,
				15DB0BEA1E64FDEF00170795 /* InvisiblesLayoutManager.swift */,
				3D7A6C0A027D106C80C687DC /* EncodingTool.swift */,
			);
			name = Application;
			sourceTree = "<group>";
		};
		5C714300CE77464A75A3EFE4 /* Frameworks */ = {
			isa = PBXGroup;
			children = (
				5CB1CAF82C9CF4B28564B21E /* Pods_TipTyper.framework */,
			);
			name = Frameworks;
			sourceTree = "<group>";
		};
		BCE72710A52A2D92235FA696 /* Pods */ = {
			isa = PBXGroup;
			children = (
				8305FE045E64B12622FEA705 /* Pods-TipTyper.debug.xcconfig */,
				91224F4191845E34F99B14F6 /* Pods-TipTyper.release.xcconfig */,
			);
			name = Pods;
			sourceTree = "<group>";
		};
/* End PBXGroup section */

/* Begin PBXNativeTarget section */
		150CFAB71E2A83CF000B69E5 /* TipTyper */ = {
			isa = PBXNativeTarget;
			buildConfigurationList = 150CFACA1E2A83CF000B69E5 /* Build configuration list for PBXNativeTarget "TipTyper" */;
			buildPhases = (
				8752463E9554BA48CC282131 /* [CP] Check Pods Manifest.lock */,
				150CFAB41E2A83CF000B69E5 /* Sources */,
				150CFAB51E2A83CF000B69E5 /* Frameworks */,
				150CFAB61E2A83CF000B69E5 /* Resources */,
				3AD655DB63EFD5F3FC0DCC0F /* [CP] Embed Pods Frameworks */,
				9B1267AA18DD10F375C5FFD8 /* [CP] Copy Pods Resources */,
			);
			buildRules = (
			);
			dependencies = (
			);
			name = TipTyper;
			productName = TipTyper;
			productReference = 150CFAB81E2A83CF000B69E5 /* TipTyper.app */;
			productType = "com.apple.product-type.application";
		};
/* End PBXNativeTarget section */

/* Begin PBXProject section */
		150CFAB01E2A83CF000B69E5 /* Project object */ = {
			isa = PBXProject;
			attributes = {
				LastSwiftUpdateCheck = 0820;
				LastUpgradeCheck = 0820;
				ORGANIZATIONNAME = "Bruno Philipe";
				TargetAttributes = {
					150CFAB71E2A83CF000B69E5 = {
						CreatedOnToolsVersion = 8.2.1;
						DevelopmentTeam = R85D3K8ATT;
						ProvisioningStyle = Automatic;
					};
				};
			};
			buildConfigurationList = 150CFAB31E2A83CF000B69E5 /* Build configuration list for PBXProject "TipTyper" */;
			compatibilityVersion = "Xcode 3.2";
			developmentRegion = English;
			hasScannedForEncodings = 0;
			knownRegions = (
				en,
				Base,
			);
			mainGroup = 150CFAAF1E2A83CF000B69E5;
			productRefGroup = 150CFAB91E2A83CF000B69E5 /* Products */;
			projectDirPath = "";
			projectRoot = "";
			targets = (
				150CFAB71E2A83CF000B69E5 /* TipTyper */,
			);
		};
/* End PBXProject section */

/* Begin PBXResourcesBuildPhase section */
		150CFAB61E2A83CF000B69E5 /* Resources */ = {
			isa = PBXResourcesBuildPhase;
			buildActionMask = 2147483647;
			files = (
				150CFAC31E2A83CF000B69E5 /* Assets.xcassets in Resources */,
				153AF9E41E5F095A00B19308 /* ThemePreferencesController.xib in Resources */,
				150CFAC11E2A83CF000B69E5 /* Document.xib in Resources */,
				1501FBBC1E65944F00AEB80E /* EditorPreferencesViewController.xib in Resources */,
				150CFAC61E2A83CF000B69E5 /* MainMenu.xib in Resources */,
			);
			runOnlyForDeploymentPostprocessing = 0;
		};
/* End PBXResourcesBuildPhase section */

/* Begin PBXShellScriptBuildPhase section */
		3AD655DB63EFD5F3FC0DCC0F /* [CP] Embed Pods Frameworks */ = {
			isa = PBXShellScriptBuildPhase;
			buildActionMask = 2147483647;
			files = (
			);
			inputPaths = (
			);
			name = "[CP] Embed Pods Frameworks";
			outputPaths = (
			);
			runOnlyForDeploymentPostprocessing = 0;
			shellPath = /bin/sh;
			shellScript = "\"${SRCROOT}/Pods/Target Support Files/Pods-TipTyper/Pods-TipTyper-frameworks.sh\"\n";
			showEnvVarsInLog = 0;
		};
		8752463E9554BA48CC282131 /* [CP] Check Pods Manifest.lock */ = {
			isa = PBXShellScriptBuildPhase;
			buildActionMask = 2147483647;
			files = (
			);
			inputPaths = (
			);
			name = "[CP] Check Pods Manifest.lock";
			outputPaths = (
			);
			runOnlyForDeploymentPostprocessing = 0;
			shellPath = /bin/sh;
			shellScript = "diff \"${PODS_ROOT}/../Podfile.lock\" \"${PODS_ROOT}/Manifest.lock\" > /dev/null\nif [ $? != 0 ] ; then\n    # print error to STDERR\n    echo \"error: The sandbox is not in sync with the Podfile.lock. Run 'pod install' or update your CocoaPods installation.\" >&2\n    exit 1\nfi\n";
			showEnvVarsInLog = 0;
		};
		9B1267AA18DD10F375C5FFD8 /* [CP] Copy Pods Resources */ = {
			isa = PBXShellScriptBuildPhase;
			buildActionMask = 2147483647;
			files = (
			);
			inputPaths = (
			);
			name = "[CP] Copy Pods Resources";
			outputPaths = (
			);
			runOnlyForDeploymentPostprocessing = 0;
			shellPath = /bin/sh;
			shellScript = "\"${SRCROOT}/Pods/Target Support Files/Pods-TipTyper/Pods-TipTyper-resources.sh\"\n";
			showEnvVarsInLog = 0;
		};
/* End PBXShellScriptBuildPhase section */

/* Begin PBXSourcesBuildPhase section */
		150CFAB41E2A83CF000B69E5 /* Sources */ = {
			isa = PBXSourcesBuildPhase;
			buildActionMask = 2147483647;
			files = (
				15276E621E5BCD120032EDE4 /* BackgroundView.swift in Sources */,
				150DB9B11E626B49001569D7 /* AssignIf.swift in Sources */,
				15276E671E5CD5380032EDE4 /* NSColor+Additions.swift in Sources */,
				15933C7D1E5B924A00AFF625 /* AppDelegate.swift in Sources */,
				153AF9E31E5F095A00B19308 /* ThemePreferencesController.swift in Sources */,
				15933C7A1E5B922900AFF625 /* Document.swift in Sources */,
				15DB0F801E6270AB009813E3 /* FileWatcher.swift in Sources */,
				15DB0BEB1E64FDEF00170795 /* InvisiblesLayoutManager.swift in Sources */,
				15276E641E5BD0DE0032EDE4 /* PaddedTextView.swift in Sources */,
				15DB0BE91E64FD9B00170795 /* EditorTheme.swift in Sources */,
				1501FBBB1E65944F00AEB80E /* EditorPreferencesViewController.swift in Sources */,
				15CA3FBF1E5CE9FC008ACD8D /* EditorView.swift in Sources */,
				1501FBBE1E65948600AEB80E /* PreferencesController.swift in Sources */,
				15276E5F1E5BBEEF0032EDE4 /* Preferences.swift in Sources */,
				15CA3FC11E5CEAD2008ACD8D /* LineCounterRulerView.swift in Sources */,
				15933C811E5BBC8000AFF625 /* DocumentWindow.swift in Sources */,
				3D7A680C75BCECB5BA2B9257 /* EncodingTool.swift in Sources */,
			);
			runOnlyForDeploymentPostprocessing = 0;
		};
/* End PBXSourcesBuildPhase section */

/* Begin PBXVariantGroup section */
		150CFABF1E2A83CF000B69E5 /* Document.xib */ = {
			isa = PBXVariantGroup;
			children = (
				150CFAC01E2A83CF000B69E5 /* Base */,
			);
			name = Document.xib;
			sourceTree = "<group>";
		};
		150CFAC41E2A83CF000B69E5 /* MainMenu.xib */ = {
			isa = PBXVariantGroup;
			children = (
				150CFAC51E2A83CF000B69E5 /* Base */,
			);
			name = MainMenu.xib;
			sourceTree = "<group>";
		};
/* End PBXVariantGroup section */

/* Begin XCBuildConfiguration section */
		150CFAC81E2A83CF000B69E5 /* Debug */ = {
			isa = XCBuildConfiguration;
			buildSettings = {
				ALWAYS_SEARCH_USER_PATHS = NO;
				CLANG_ANALYZER_NONNULL = YES;
				CLANG_CXX_LANGUAGE_STANDARD = "gnu++0x";
				CLANG_CXX_LIBRARY = "libc++";
				CLANG_ENABLE_MODULES = YES;
				CLANG_ENABLE_OBJC_ARC = YES;
				CLANG_WARN_BOOL_CONVERSION = YES;
				CLANG_WARN_CONSTANT_CONVERSION = YES;
				CLANG_WARN_DIRECT_OBJC_ISA_USAGE = YES_ERROR;
				CLANG_WARN_DOCUMENTATION_COMMENTS = YES;
				CLANG_WARN_EMPTY_BODY = YES;
				CLANG_WARN_ENUM_CONVERSION = YES;
				CLANG_WARN_INFINITE_RECURSION = YES;
				CLANG_WARN_INT_CONVERSION = YES;
				CLANG_WARN_OBJC_ROOT_CLASS = YES_ERROR;
				CLANG_WARN_SUSPICIOUS_MOVE = YES;
				CLANG_WARN_UNREACHABLE_CODE = YES;
				CLANG_WARN__DUPLICATE_METHOD_MATCH = YES;
				CODE_SIGN_IDENTITY = "-";
				COPY_PHASE_STRIP = NO;
				DEBUG_INFORMATION_FORMAT = dwarf;
				ENABLE_STRICT_OBJC_MSGSEND = YES;
				ENABLE_TESTABILITY = YES;
				GCC_C_LANGUAGE_STANDARD = gnu99;
				GCC_DYNAMIC_NO_PIC = NO;
				GCC_NO_COMMON_BLOCKS = YES;
				GCC_OPTIMIZATION_LEVEL = 0;
				GCC_PREPROCESSOR_DEFINITIONS = (
					"DEBUG=1",
					"$(inherited)",
				);
				GCC_WARN_64_TO_32_BIT_CONVERSION = YES;
				GCC_WARN_ABOUT_RETURN_TYPE = YES_ERROR;
				GCC_WARN_UNDECLARED_SELECTOR = YES;
				GCC_WARN_UNINITIALIZED_AUTOS = YES_AGGRESSIVE;
				GCC_WARN_UNUSED_FUNCTION = YES;
				GCC_WARN_UNUSED_VARIABLE = YES;
				MACOSX_DEPLOYMENT_TARGET = 10.12;
				MTL_ENABLE_DEBUG_INFO = YES;
				ONLY_ACTIVE_ARCH = YES;
				SDKROOT = macosx;
				SWIFT_ACTIVE_COMPILATION_CONDITIONS = DEBUG;
				SWIFT_OPTIMIZATION_LEVEL = "-Onone";
			};
			name = Debug;
		};
		150CFAC91E2A83CF000B69E5 /* Release */ = {
			isa = XCBuildConfiguration;
			buildSettings = {
				ALWAYS_SEARCH_USER_PATHS = NO;
				CLANG_ANALYZER_NONNULL = YES;
				CLANG_CXX_LANGUAGE_STANDARD = "gnu++0x";
				CLANG_CXX_LIBRARY = "libc++";
				CLANG_ENABLE_MODULES = YES;
				CLANG_ENABLE_OBJC_ARC = YES;
				CLANG_WARN_BOOL_CONVERSION = YES;
				CLANG_WARN_CONSTANT_CONVERSION = YES;
				CLANG_WARN_DIRECT_OBJC_ISA_USAGE = YES_ERROR;
				CLANG_WARN_DOCUMENTATION_COMMENTS = YES;
				CLANG_WARN_EMPTY_BODY = YES;
				CLANG_WARN_ENUM_CONVERSION = YES;
				CLANG_WARN_INFINITE_RECURSION = YES;
				CLANG_WARN_INT_CONVERSION = YES;
				CLANG_WARN_OBJC_ROOT_CLASS = YES_ERROR;
				CLANG_WARN_SUSPICIOUS_MOVE = YES;
				CLANG_WARN_UNREACHABLE_CODE = YES;
				CLANG_WARN__DUPLICATE_METHOD_MATCH = YES;
				CODE_SIGN_IDENTITY = "-";
				COPY_PHASE_STRIP = NO;
				DEBUG_INFORMATION_FORMAT = "dwarf-with-dsym";
				ENABLE_NS_ASSERTIONS = NO;
				ENABLE_STRICT_OBJC_MSGSEND = YES;
				GCC_C_LANGUAGE_STANDARD = gnu99;
				GCC_NO_COMMON_BLOCKS = YES;
				GCC_WARN_64_TO_32_BIT_CONVERSION = YES;
				GCC_WARN_ABOUT_RETURN_TYPE = YES_ERROR;
				GCC_WARN_UNDECLARED_SELECTOR = YES;
				GCC_WARN_UNINITIALIZED_AUTOS = YES_AGGRESSIVE;
				GCC_WARN_UNUSED_FUNCTION = YES;
				GCC_WARN_UNUSED_VARIABLE = YES;
				MACOSX_DEPLOYMENT_TARGET = 10.12;
				MTL_ENABLE_DEBUG_INFO = NO;
				SDKROOT = macosx;
				SWIFT_OPTIMIZATION_LEVEL = "-Owholemodule";
			};
			name = Release;
		};
		150CFACB1E2A83CF000B69E5 /* Debug */ = {
			isa = XCBuildConfiguration;
			baseConfigurationReference = 8305FE045E64B12622FEA705 /* Pods-TipTyper.debug.xcconfig */;
			buildSettings = {
				ASSETCATALOG_COMPILER_APPICON_NAME = AppIcon;
				CODE_SIGN_IDENTITY = "Mac Developer";
				COMBINE_HIDPI_IMAGES = YES;
				DEVELOPMENT_TEAM = R85D3K8ATT;
				INFOPLIST_FILE = TipTyper/Info.plist;
				LD_RUNPATH_SEARCH_PATHS = "$(inherited) @executable_path/../Frameworks";
				PRODUCT_BUNDLE_IDENTIFIER = com.brunophilipe.TipTyper;
				PRODUCT_NAME = "$(TARGET_NAME)";
				SWIFT_VERSION = 3.0;
			};
			name = Debug;
		};
		150CFACC1E2A83CF000B69E5 /* Release */ = {
			isa = XCBuildConfiguration;
			baseConfigurationReference = 91224F4191845E34F99B14F6 /* Pods-TipTyper.release.xcconfig */;
			buildSettings = {
				ASSETCATALOG_COMPILER_APPICON_NAME = AppIcon;
				CODE_SIGN_IDENTITY = "Mac Developer";
				COMBINE_HIDPI_IMAGES = YES;
				DEVELOPMENT_TEAM = R85D3K8ATT;
				INFOPLIST_FILE = TipTyper/Info.plist;
				LD_RUNPATH_SEARCH_PATHS = "$(inherited) @executable_path/../Frameworks";
				PRODUCT_BUNDLE_IDENTIFIER = com.brunophilipe.TipTyper;
				PRODUCT_NAME = "$(TARGET_NAME)";
				SWIFT_VERSION = 3.0;
			};
			name = Release;
		};
/* End XCBuildConfiguration section */

/* Begin XCConfigurationList section */
		150CFAB31E2A83CF000B69E5 /* Build configuration list for PBXProject "TipTyper" */ = {
			isa = XCConfigurationList;
			buildConfigurations = (
				150CFAC81E2A83CF000B69E5 /* Debug */,
				150CFAC91E2A83CF000B69E5 /* Release */,
			);
			defaultConfigurationIsVisible = 0;
			defaultConfigurationName = Release;
		};
		150CFACA1E2A83CF000B69E5 /* Build configuration list for PBXNativeTarget "TipTyper" */ = {
			isa = XCConfigurationList;
			buildConfigurations = (
				150CFACB1E2A83CF000B69E5 /* Debug */,
				150CFACC1E2A83CF000B69E5 /* Release */,
			);
			defaultConfigurationIsVisible = 0;
			defaultConfigurationName = Release;
		};
/* End XCConfigurationList section */
	};
	rootObject = 150CFAB01E2A83CF000B69E5 /* Project object */;
}
