// !$*UTF8*$!
{
	archiveVersion = 1;
	classes = {
	};
	objectVersion = 46;
	objects = {

/* Begin PBXBuildFile section */
		1500F28218B056B500481A86 /* BPEncodingTool.m in Sources */ = {isa = PBXBuildFile; fileRef = 1500F28118B056B500481A86 /* BPEncodingTool.m */; };
		1502C2FC18B97B70002EC738 /* dsa_pub.pem in Resources */ = {isa = PBXBuildFile; fileRef = 1502C2FB18B97B70002EC738 /* dsa_pub.pem */; };
		1502C30618B9AF5D002EC738 /* BPTextView.m in Sources */ = {isa = PBXBuildFile; fileRef = 1502C30518B9AF5D002EC738 /* BPTextView.m */; };
		15041C50194D35F800E56E4F /* Sparkle.framework in Frameworks */ = {isa = PBXBuildFile; fileRef = 1502C2F918B97AAD002EC738 /* Sparkle.framework */; };
		15041C51194D35FC00E56E4F /* Sparkle.framework in CopyFiles */ = {isa = PBXBuildFile; fileRef = 1502C2F918B97AAD002EC738 /* Sparkle.framework */; };
		153911B218E496A9009FAB64 /* BPDocument.xib in Resources */ = {isa = PBXBuildFile; fileRef = 153911AC18E496A9009FAB64 /* BPDocument.xib */; };
		153911B318E496A9009FAB64 /* Credits.rtf in Resources */ = {isa = PBXBuildFile; fileRef = 153911AD18E496A9009FAB64 /* Credits.rtf */; };
		153911B418E496A9009FAB64 /* InfoPlist.strings in Resources */ = {isa = PBXBuildFile; fileRef = 153911AE18E496A9009FAB64 /* InfoPlist.strings */; };
		153911B518E496A9009FAB64 /* Localizable.strings in Resources */ = {isa = PBXBuildFile; fileRef = 153911AF18E496A9009FAB64 /* Localizable.strings */; };
		153911B618E496A9009FAB64 /* MainMenu.xib in Resources */ = {isa = PBXBuildFile; fileRef = 153911B018E496A9009FAB64 /* MainMenu.xib */; };
		153911B718E496A9009FAB64 /* Preferences.xib in Resources */ = {isa = PBXBuildFile; fileRef = 153911B118E496A9009FAB64 /* Preferences.xib */; };
		15408A6818E3C90400127DA6 /* DCOAboutWindow.xib in Resources */ = {isa = PBXBuildFile; fileRef = 15408A6518E3C90400127DA6 /* DCOAboutWindow.xib */; };
		15408A6918E3C90400127DA6 /* DCOAboutWindowController.m in Sources */ = {isa = PBXBuildFile; fileRef = 15408A6718E3C90400127DA6 /* DCOAboutWindowController.m */; };
		15408A6F18E3CA8B00127DA6 /* DCOTransparentScroller.m in Sources */ = {isa = PBXBuildFile; fileRef = 15408A6C18E3CA8B00127DA6 /* DCOTransparentScroller.m */; };
		15408A7018E3CA8B00127DA6 /* DCOTransparentScrollView.m in Sources */ = {isa = PBXBuildFile; fileRef = 15408A6E18E3CA8B00127DA6 /* DCOTransparentScrollView.m */; };
		15753F5818AC78F5009E7E9E /* BPApplication.m in Sources */ = {isa = PBXBuildFile; fileRef = 15753F5718AC78F5009E7E9E /* BPApplication.m */; };
		15C21D3A18A83D5500C9D410 /* Cocoa.framework in Frameworks */ = {isa = PBXBuildFile; fileRef = 15C21D3918A83D5500C9D410 /* Cocoa.framework */; };
		15C21D4618A83D5500C9D410 /* main.m in Sources */ = {isa = PBXBuildFile; fileRef = 15C21D4518A83D5500C9D410 /* main.m */; };
		15C21D4D18A83D5500C9D410 /* BPDocument.m in Sources */ = {isa = PBXBuildFile; fileRef = 15C21D4C18A83D5500C9D410 /* BPDocument.m */; };
		15C21D5518A83D5500C9D410 /* Images.xcassets in Resources */ = {isa = PBXBuildFile; fileRef = 15C21D5418A83D5500C9D410 /* Images.xcassets */; };
		15C21D5C18A83D5500C9D410 /* XCTest.framework in Frameworks */ = {isa = PBXBuildFile; fileRef = 15C21D5B18A83D5500C9D410 /* XCTest.framework */; };
		15C21D5D18A83D5500C9D410 /* Cocoa.framework in Frameworks */ = {isa = PBXBuildFile; fileRef = 15C21D3918A83D5500C9D410 /* Cocoa.framework */; };
		15C21D6718A83D5600C9D410 /* TipTyperTests.m in Sources */ = {isa = PBXBuildFile; fileRef = 15C21D6618A83D5600C9D410 /* TipTyperTests.m */; };
		15C21D7218A83D7C00C9D410 /* BPDocumentWindow.m in Sources */ = {isa = PBXBuildFile; fileRef = 15C21D7118A83D7C00C9D410 /* BPDocumentWindow.m */; };
		15C21DC618A8580B00C9D410 /* MarkerLineNumberView.m in Sources */ = {isa = PBXBuildFile; fileRef = 15C21DC118A8580B00C9D410 /* MarkerLineNumberView.m */; };
		15C21DC718A8580B00C9D410 /* NoodleLineNumberMarker.m in Sources */ = {isa = PBXBuildFile; fileRef = 15C21DC318A8580B00C9D410 /* NoodleLineNumberMarker.m */; };
		15C21DC818A8580B00C9D410 /* NoodleLineNumberView.m in Sources */ = {isa = PBXBuildFile; fileRef = 15C21DC518A8580B00C9D410 /* NoodleLineNumberView.m */; };
		15C21DD118A94A4E00C9D410 /* NSString+WordsCount.m in Sources */ = {isa = PBXBuildFile; fileRef = 15C21DD018A94A4E00C9D410 /* NSString+WordsCount.m */; };
		15C21DD418A94A5D00C9D410 /* BPBackgroundView.m in Sources */ = {isa = PBXBuildFile; fileRef = 15C21DD318A94A5D00C9D410 /* BPBackgroundView.m */; };
		15C21DD718A94F6800C9D410 /* BPTopBarView.m in Sources */ = {isa = PBXBuildFile; fileRef = 15C21DD618A94F6800C9D410 /* BPTopBarView.m */; };
/* End PBXBuildFile section */

/* Begin PBXContainerItemProxy section */
		15C21D5E18A83D5600C9D410 /* PBXContainerItemProxy */ = {
			isa = PBXContainerItemProxy;
			containerPortal = 15C21D2E18A83D5500C9D410 /* Project object */;
			proxyType = 1;
			remoteGlobalIDString = 15C21D3518A83D5500C9D410;
			remoteInfo = TipTyper;
		};
/* End PBXContainerItemProxy section */

/* Begin PBXCopyFilesBuildPhase section */
		1502C2FE18B97E9E002EC738 /* CopyFiles */ = {
			isa = PBXCopyFilesBuildPhase;
			buildActionMask = 2147483647;
			dstPath = "";
			dstSubfolderSpec = 10;
			files = (
				15041C51194D35FC00E56E4F /* Sparkle.framework in CopyFiles */,
			);
			runOnlyForDeploymentPostprocessing = 0;
		};
/* End PBXCopyFilesBuildPhase section */

/* Begin PBXFileReference section */
		1500F28018B056B500481A86 /* BPEncodingTool.h */ = {isa = PBXFileReference; fileEncoding = 4; lastKnownFileType = sourcecode.c.h; name = BPEncodingTool.h; path = Classes/BPEncodingTool.h; sourceTree = "<group>"; };
		1500F28118B056B500481A86 /* BPEncodingTool.m */ = {isa = PBXFileReference; fileEncoding = 4; lastKnownFileType = sourcecode.c.objc; name = BPEncodingTool.m; path = Classes/BPEncodingTool.m; sourceTree = "<group>"; };
		1502C2F918B97AAD002EC738 /* Sparkle.framework */ = {isa = PBXFileReference; lastKnownFileType = wrapper.framework; name = Sparkle.framework; path = TipTyper/Frameworks/Sparkle.framework; sourceTree = "<group>"; };
		1502C2FB18B97B70002EC738 /* dsa_pub.pem */ = {isa = PBXFileReference; fileEncoding = 4; lastKnownFileType = text; path = dsa_pub.pem; sourceTree = "<group>"; };
		1502C30418B9AF5D002EC738 /* BPTextView.h */ = {isa = PBXFileReference; fileEncoding = 4; lastKnownFileType = sourcecode.c.h; name = BPTextView.h; path = Classes/BPTextView.h; sourceTree = "<group>"; };
		1502C30518B9AF5D002EC738 /* BPTextView.m */ = {isa = PBXFileReference; fileEncoding = 4; lastKnownFileType = sourcecode.c.objc; name = BPTextView.m; path = Classes/BPTextView.m; sourceTree = "<group>"; };
		153911AC18E496A9009FAB64 /* BPDocument.xib */ = {isa = PBXFileReference; fileEncoding = 4; lastKnownFileType = file.xib; path = BPDocument.xib; sourceTree = "<group>"; };
		153911AD18E496A9009FAB64 /* Credits.rtf */ = {isa = PBXFileReference; fileEncoding = 4; lastKnownFileType = text.rtf; path = Credits.rtf; sourceTree = "<group>"; };
		153911AE18E496A9009FAB64 /* InfoPlist.strings */ = {isa = PBXFileReference; fileEncoding = 4; lastKnownFileType = text.plist.strings; path = InfoPlist.strings; sourceTree = "<group>"; };
		153911AF18E496A9009FAB64 /* Localizable.strings */ = {isa = PBXFileReference; fileEncoding = 4; lastKnownFileType = text.plist.strings; path = Localizable.strings; sourceTree = "<group>"; };
		153911B018E496A9009FAB64 /* MainMenu.xib */ = {isa = PBXFileReference; fileEncoding = 4; lastKnownFileType = file.xib; path = MainMenu.xib; sourceTree = "<group>"; };
		153911B118E496A9009FAB64 /* Preferences.xib */ = {isa = PBXFileReference; fileEncoding = 4; lastKnownFileType = file.xib; path = Preferences.xib; sourceTree = "<group>"; };
		15408A6518E3C90400127DA6 /* DCOAboutWindow.xib */ = {isa = PBXFileReference; fileEncoding = 4; lastKnownFileType = file.xib; path = DCOAboutWindow.xib; sourceTree = "<group>"; };
		15408A6618E3C90400127DA6 /* DCOAboutWindowController.h */ = {isa = PBXFileReference; fileEncoding = 4; lastKnownFileType = sourcecode.c.h; path = DCOAboutWindowController.h; sourceTree = "<group>"; };
		15408A6718E3C90400127DA6 /* DCOAboutWindowController.m */ = {isa = PBXFileReference; fileEncoding = 4; lastKnownFileType = sourcecode.c.objc; path = DCOAboutWindowController.m; sourceTree = "<group>"; };
		15408A6B18E3CA8B00127DA6 /* DCOTransparentScroller.h */ = {isa = PBXFileReference; fileEncoding = 4; lastKnownFileType = sourcecode.c.h; path = DCOTransparentScroller.h; sourceTree = "<group>"; };
		15408A6C18E3CA8B00127DA6 /* DCOTransparentScroller.m */ = {isa = PBXFileReference; fileEncoding = 4; lastKnownFileType = sourcecode.c.objc; path = DCOTransparentScroller.m; sourceTree = "<group>"; };
		15408A6D18E3CA8B00127DA6 /* DCOTransparentScrollView.h */ = {isa = PBXFileReference; fileEncoding = 4; lastKnownFileType = sourcecode.c.h; path = DCOTransparentScrollView.h; sourceTree = "<group>"; };
		15408A6E18E3CA8B00127DA6 /* DCOTransparentScrollView.m */ = {isa = PBXFileReference; fileEncoding = 4; lastKnownFileType = sourcecode.c.objc; path = DCOTransparentScrollView.m; sourceTree = "<group>"; };
		15753F5618AC78F5009E7E9E /* BPApplication.h */ = {isa = PBXFileReference; fileEncoding = 4; lastKnownFileType = sourcecode.c.h; path = BPApplication.h; sourceTree = "<group>"; };
		15753F5718AC78F5009E7E9E /* BPApplication.m */ = {isa = PBXFileReference; fileEncoding = 4; lastKnownFileType = sourcecode.c.objc; path = BPApplication.m; sourceTree = "<group>"; };
		15C21D3618A83D5500C9D410 /* TipTyper.app */ = {isa = PBXFileReference; explicitFileType = wrapper.application; includeInIndex = 0; path = TipTyper.app; sourceTree = BUILT_PRODUCTS_DIR; };
		15C21D3918A83D5500C9D410 /* Cocoa.framework */ = {isa = PBXFileReference; lastKnownFileType = wrapper.framework; name = Cocoa.framework; path = System/Library/Frameworks/Cocoa.framework; sourceTree = SDKROOT; };
		15C21D3C18A83D5500C9D410 /* AppKit.framework */ = {isa = PBXFileReference; lastKnownFileType = wrapper.framework; name = AppKit.framework; path = System/Library/Frameworks/AppKit.framework; sourceTree = SDKROOT; };
		15C21D3D18A83D5500C9D410 /* CoreData.framework */ = {isa = PBXFileReference; lastKnownFileType = wrapper.framework; name = CoreData.framework; path = System/Library/Frameworks/CoreData.framework; sourceTree = SDKROOT; };
		15C21D3E18A83D5500C9D410 /* Foundation.framework */ = {isa = PBXFileReference; lastKnownFileType = wrapper.framework; name = Foundation.framework; path = System/Library/Frameworks/Foundation.framework; sourceTree = SDKROOT; };
		15C21D4118A83D5500C9D410 /* TipTyper-Info.plist */ = {isa = PBXFileReference; lastKnownFileType = text.plist.xml; path = "TipTyper-Info.plist"; sourceTree = "<group>"; };
		15C21D4518A83D5500C9D410 /* main.m */ = {isa = PBXFileReference; lastKnownFileType = sourcecode.c.objc; path = main.m; sourceTree = "<group>"; };
		15C21D4718A83D5500C9D410 /* TipTyper-Prefix.pch */ = {isa = PBXFileReference; lastKnownFileType = sourcecode.c.h; path = "TipTyper-Prefix.pch"; sourceTree = "<group>"; };
		15C21D4B18A83D5500C9D410 /* BPDocument.h */ = {isa = PBXFileReference; lastKnownFileType = sourcecode.c.h; path = BPDocument.h; sourceTree = "<group>"; };
		15C21D4C18A83D5500C9D410 /* BPDocument.m */ = {isa = PBXFileReference; lastKnownFileType = sourcecode.c.objc; path = BPDocument.m; sourceTree = "<group>"; };
		15C21D5418A83D5500C9D410 /* Images.xcassets */ = {isa = PBXFileReference; lastKnownFileType = folder.assetcatalog; path = Images.xcassets; sourceTree = "<group>"; };
		15C21D5A18A83D5500C9D410 /* TipTyperTests.xctest */ = {isa = PBXFileReference; explicitFileType = wrapper.cfbundle; includeInIndex = 0; path = TipTyperTests.xctest; sourceTree = BUILT_PRODUCTS_DIR; };
		15C21D5B18A83D5500C9D410 /* XCTest.framework */ = {isa = PBXFileReference; lastKnownFileType = wrapper.framework; name = XCTest.framework; path = Library/Frameworks/XCTest.framework; sourceTree = DEVELOPER_DIR; };
		15C21D6218A83D5600C9D410 /* TipTyperTests-Info.plist */ = {isa = PBXFileReference; lastKnownFileType = text.plist.xml; path = "TipTyperTests-Info.plist"; sourceTree = "<group>"; };
		15C21D6618A83D5600C9D410 /* TipTyperTests.m */ = {isa = PBXFileReference; lastKnownFileType = sourcecode.c.objc; path = TipTyperTests.m; sourceTree = "<group>"; };
		15C21D7018A83D7C00C9D410 /* BPDocumentWindow.h */ = {isa = PBXFileReference; fileEncoding = 4; lastKnownFileType = sourcecode.c.h; path = BPDocumentWindow.h; sourceTree = "<group>"; };
		15C21D7118A83D7C00C9D410 /* BPDocumentWindow.m */ = {isa = PBXFileReference; fileEncoding = 4; lastKnownFileType = sourcecode.c.objc; path = BPDocumentWindow.m; sourceTree = "<group>"; };
		15C21DC018A8580B00C9D410 /* MarkerLineNumberView.h */ = {isa = PBXFileReference; fileEncoding = 4; lastKnownFileType = sourcecode.c.h; path = MarkerLineNumberView.h; sourceTree = "<group>"; };
		15C21DC118A8580B00C9D410 /* MarkerLineNumberView.m */ = {isa = PBXFileReference; fileEncoding = 4; lastKnownFileType = sourcecode.c.objc; path = MarkerLineNumberView.m; sourceTree = "<group>"; };
		15C21DC218A8580B00C9D410 /* NoodleLineNumberMarker.h */ = {isa = PBXFileReference; fileEncoding = 4; lastKnownFileType = sourcecode.c.h; path = NoodleLineNumberMarker.h; sourceTree = "<group>"; };
		15C21DC318A8580B00C9D410 /* NoodleLineNumberMarker.m */ = {isa = PBXFileReference; fileEncoding = 4; lastKnownFileType = sourcecode.c.objc; path = NoodleLineNumberMarker.m; sourceTree = "<group>"; };
		15C21DC418A8580B00C9D410 /* NoodleLineNumberView.h */ = {isa = PBXFileReference; fileEncoding = 4; lastKnownFileType = sourcecode.c.h; path = NoodleLineNumberView.h; sourceTree = "<group>"; };
		15C21DC518A8580B00C9D410 /* NoodleLineNumberView.m */ = {isa = PBXFileReference; fileEncoding = 4; lastKnownFileType = sourcecode.c.objc; path = NoodleLineNumberView.m; sourceTree = "<group>"; };
		15C21DCF18A94A4E00C9D410 /* NSString+WordsCount.h */ = {isa = PBXFileReference; fileEncoding = 4; lastKnownFileType = sourcecode.c.h; name = "NSString+WordsCount.h"; path = "Classes/NSString+WordsCount.h"; sourceTree = "<group>"; };
		15C21DD018A94A4E00C9D410 /* NSString+WordsCount.m */ = {isa = PBXFileReference; fileEncoding = 4; lastKnownFileType = sourcecode.c.objc; name = "NSString+WordsCount.m"; path = "Classes/NSString+WordsCount.m"; sourceTree = "<group>"; };
		15C21DD218A94A5D00C9D410 /* BPBackgroundView.h */ = {isa = PBXFileReference; fileEncoding = 4; lastKnownFileType = sourcecode.c.h; name = BPBackgroundView.h; path = Classes/BPBackgroundView.h; sourceTree = "<group>"; };
		15C21DD318A94A5D00C9D410 /* BPBackgroundView.m */ = {isa = PBXFileReference; fileEncoding = 4; lastKnownFileType = sourcecode.c.objc; name = BPBackgroundView.m; path = Classes/BPBackgroundView.m; sourceTree = "<group>"; };
		15C21DD518A94F6800C9D410 /* BPTopBarView.h */ = {isa = PBXFileReference; fileEncoding = 4; lastKnownFileType = sourcecode.c.h; name = BPTopBarView.h; path = Classes/BPTopBarView.h; sourceTree = "<group>"; };
		15C21DD618A94F6800C9D410 /* BPTopBarView.m */ = {isa = PBXFileReference; fileEncoding = 4; lastKnownFileType = sourcecode.c.objc; name = BPTopBarView.m; path = Classes/BPTopBarView.m; sourceTree = "<group>"; };
		15E4929F18A9B1FB004C4901 /* BumpBuild.sh */ = {isa = PBXFileReference; fileEncoding = 4; lastKnownFileType = text.script.sh; path = BumpBuild.sh; sourceTree = "<group>"; };
/* End PBXFileReference section */

/* Begin PBXFrameworksBuildPhase section */
		15C21D3318A83D5500C9D410 /* Frameworks */ = {
			isa = PBXFrameworksBuildPhase;
			buildActionMask = 2147483647;
			files = (
				15C21D3A18A83D5500C9D410 /* Cocoa.framework in Frameworks */,
				15041C50194D35F800E56E4F /* Sparkle.framework in Frameworks */,
			);
			runOnlyForDeploymentPostprocessing = 0;
		};
		15C21D5718A83D5500C9D410 /* Frameworks */ = {
			isa = PBXFrameworksBuildPhase;
			buildActionMask = 2147483647;
			files = (
				15C21D5D18A83D5500C9D410 /* Cocoa.framework in Frameworks */,
				15C21D5C18A83D5500C9D410 /* XCTest.framework in Frameworks */,
			);
			runOnlyForDeploymentPostprocessing = 0;
		};
/* End PBXFrameworksBuildPhase section */

/* Begin PBXGroup section */
		15408A6418E3C90400127DA6 /* DCOAboutWindow */ = {
			isa = PBXGroup;
			children = (
				15408A6518E3C90400127DA6 /* DCOAboutWindow.xib */,
				15408A6618E3C90400127DA6 /* DCOAboutWindowController.h */,
				15408A6718E3C90400127DA6 /* DCOAboutWindowController.m */,
				15408A6B18E3CA8B00127DA6 /* DCOTransparentScroller.h */,
				15408A6C18E3CA8B00127DA6 /* DCOTransparentScroller.m */,
				15408A6D18E3CA8B00127DA6 /* DCOTransparentScrollView.h */,
				15408A6E18E3CA8B00127DA6 /* DCOTransparentScrollView.m */,
			);
			name = DCOAboutWindow;
			path = ../Frameworks/DCOAboutWindow;
			sourceTree = "<group>";
		};
		15C21D2D18A83D5500C9D410 = {
			isa = PBXGroup;
			children = (
				15C21D3F18A83D5500C9D410 /* TipTyper */,
				15C21D6018A83D5600C9D410 /* TipTyperTests */,
				15C21D3818A83D5500C9D410 /* Frameworks */,
				15C21D3718A83D5500C9D410 /* Products */,
			);
			sourceTree = "<group>";
		};
		15C21D3718A83D5500C9D410 /* Products */ = {
			isa = PBXGroup;
			children = (
				15C21D3618A83D5500C9D410 /* TipTyper.app */,
				15C21D5A18A83D5500C9D410 /* TipTyperTests.xctest */,
			);
			name = Products;
			sourceTree = "<group>";
		};
		15C21D3818A83D5500C9D410 /* Frameworks */ = {
			isa = PBXGroup;
			children = (
				1502C2F918B97AAD002EC738 /* Sparkle.framework */,
				15C21D3918A83D5500C9D410 /* Cocoa.framework */,
				15C21D5B18A83D5500C9D410 /* XCTest.framework */,
				15C21D3B18A83D5500C9D410 /* Other Frameworks */,
			);
			name = Frameworks;
			sourceTree = "<group>";
		};
		15C21D3B18A83D5500C9D410 /* Other Frameworks */ = {
			isa = PBXGroup;
			children = (
				15C21D3C18A83D5500C9D410 /* AppKit.framework */,
				15C21D3D18A83D5500C9D410 /* CoreData.framework */,
				15C21D3E18A83D5500C9D410 /* Foundation.framework */,
			);
			name = "Other Frameworks";
			sourceTree = "<group>";
		};
		15C21D3F18A83D5500C9D410 /* TipTyper */ = {
			isa = PBXGroup;
			children = (
				15C21DCB18A9341400C9D410 /* Classes */,
				15C21DBE18A8580B00C9D410 /* Libraries */,
				15753F5618AC78F5009E7E9E /* BPApplication.h */,
				15753F5718AC78F5009E7E9E /* BPApplication.m */,
				15C21D4B18A83D5500C9D410 /* BPDocument.h */,
				15C21D4C18A83D5500C9D410 /* BPDocument.m */,
				15C21D7018A83D7C00C9D410 /* BPDocumentWindow.h */,
				15C21D7118A83D7C00C9D410 /* BPDocumentWindow.m */,
				15C21D5418A83D5500C9D410 /* Images.xcassets */,
				153911AC18E496A9009FAB64 /* BPDocument.xib */,
				153911B018E496A9009FAB64 /* MainMenu.xib */,
				153911B118E496A9009FAB64 /* Preferences.xib */,
				15C21D4018A83D5500C9D410 /* Supporting Files */,
			);
			path = TipTyper;
			sourceTree = "<group>";
		};
		15C21D4018A83D5500C9D410 /* Supporting Files */ = {
			isa = PBXGroup;
			children = (
				153911AD18E496A9009FAB64 /* Credits.rtf */,
				153911AE18E496A9009FAB64 /* InfoPlist.strings */,
				153911AF18E496A9009FAB64 /* Localizable.strings */,
				1502C2FB18B97B70002EC738 /* dsa_pub.pem */,
				15C21D4118A83D5500C9D410 /* TipTyper-Info.plist */,
				15C21D4518A83D5500C9D410 /* main.m */,
				15C21D4718A83D5500C9D410 /* TipTyper-Prefix.pch */,
				15E4929F18A9B1FB004C4901 /* BumpBuild.sh */,
			);
			name = "Supporting Files";
			sourceTree = "<group>";
		};
		15C21D6018A83D5600C9D410 /* TipTyperTests */ = {
			isa = PBXGroup;
			children = (
				15C21D6618A83D5600C9D410 /* TipTyperTests.m */,
				15C21D6118A83D5600C9D410 /* Supporting Files */,
			);
			path = TipTyperTests;
			sourceTree = "<group>";
		};
		15C21D6118A83D5600C9D410 /* Supporting Files */ = {
			isa = PBXGroup;
			children = (
				15C21D6218A83D5600C9D410 /* TipTyperTests-Info.plist */,
			);
			name = "Supporting Files";
			sourceTree = "<group>";
		};
		15C21DBE18A8580B00C9D410 /* Libraries */ = {
			isa = PBXGroup;
			children = (
				15408A6418E3C90400127DA6 /* DCOAboutWindow */,
				15C21DBF18A8580B00C9D410 /* LineCounter */,
			);
			path = Libraries;
			sourceTree = "<group>";
		};
		15C21DBF18A8580B00C9D410 /* LineCounter */ = {
			isa = PBXGroup;
			children = (
				15C21DC018A8580B00C9D410 /* MarkerLineNumberView.h */,
				15C21DC118A8580B00C9D410 /* MarkerLineNumberView.m */,
				15C21DC218A8580B00C9D410 /* NoodleLineNumberMarker.h */,
				15C21DC318A8580B00C9D410 /* NoodleLineNumberMarker.m */,
				15C21DC418A8580B00C9D410 /* NoodleLineNumberView.h */,
				15C21DC518A8580B00C9D410 /* NoodleLineNumberView.m */,
			);
			path = LineCounter;
			sourceTree = "<group>";
		};
		15C21DCB18A9341400C9D410 /* Classes */ = {
			isa = PBXGroup;
			children = (
				1500F28018B056B500481A86 /* BPEncodingTool.h */,
				1500F28118B056B500481A86 /* BPEncodingTool.m */,
				15C21DCF18A94A4E00C9D410 /* NSString+WordsCount.h */,
				15C21DD018A94A4E00C9D410 /* NSString+WordsCount.m */,
				15C21DD218A94A5D00C9D410 /* BPBackgroundView.h */,
				15C21DD318A94A5D00C9D410 /* BPBackgroundView.m */,
				15C21DD518A94F6800C9D410 /* BPTopBarView.h */,
				15C21DD618A94F6800C9D410 /* BPTopBarView.m */,
				1502C30418B9AF5D002EC738 /* BPTextView.h */,
				1502C30518B9AF5D002EC738 /* BPTextView.m */,
			);
			name = Classes;
			sourceTree = "<group>";
		};
/* End PBXGroup section */

/* Begin PBXNativeTarget section */
		15C21D3518A83D5500C9D410 /* TipTyper */ = {
			isa = PBXNativeTarget;
			buildConfigurationList = 15C21D6A18A83D5600C9D410 /* Build configuration list for PBXNativeTarget "TipTyper" */;
			buildPhases = (
				15C21D3218A83D5500C9D410 /* Sources */,
				15C21D3318A83D5500C9D410 /* Frameworks */,
				15C21D3418A83D5500C9D410 /* Resources */,
				152CF4F818A9B264008D2ED8 /* ShellScript */,
				1502C2FE18B97E9E002EC738 /* CopyFiles */,
			);
			buildRules = (
			);
			dependencies = (
			);
			name = TipTyper;
			productName = TipTyper;
			productReference = 15C21D3618A83D5500C9D410 /* TipTyper.app */;
			productType = "com.apple.product-type.application";
		};
		15C21D5918A83D5500C9D410 /* TipTyperTests */ = {
			isa = PBXNativeTarget;
			buildConfigurationList = 15C21D6D18A83D5600C9D410 /* Build configuration list for PBXNativeTarget "TipTyperTests" */;
			buildPhases = (
				15C21D5618A83D5500C9D410 /* Sources */,
				15C21D5718A83D5500C9D410 /* Frameworks */,
				15C21D5818A83D5500C9D410 /* Resources */,
			);
			buildRules = (
			);
			dependencies = (
				15C21D5F18A83D5600C9D410 /* PBXTargetDependency */,
			);
			name = TipTyperTests;
			productName = TipTyperTests;
			productReference = 15C21D5A18A83D5500C9D410 /* TipTyperTests.xctest */;
			productType = "com.apple.product-type.bundle.unit-test";
		};
/* End PBXNativeTarget section */

/* Begin PBXProject section */
		15C21D2E18A83D5500C9D410 /* Project object */ = {
			isa = PBXProject;
			attributes = {
				CLASSPREFIX = BP;
				LastUpgradeCheck = 0510;
				ORGANIZATIONNAME = "Bruno Philipe";
				TargetAttributes = {
					15C21D5918A83D5500C9D410 = {
						TestTargetID = 15C21D3518A83D5500C9D410;
					};
				};
			};
			buildConfigurationList = 15C21D3118A83D5500C9D410 /* Build configuration list for PBXProject "TipTyper" */;
			compatibilityVersion = "Xcode 3.2";
			developmentRegion = English;
			hasScannedForEncodings = 0;
			knownRegions = (
				en,
				Base,
				pt,
			);
			mainGroup = 15C21D2D18A83D5500C9D410;
			productRefGroup = 15C21D3718A83D5500C9D410 /* Products */;
			projectDirPath = "";
			projectRoot = "";
			targets = (
				15C21D3518A83D5500C9D410 /* TipTyper */,
				15C21D5918A83D5500C9D410 /* TipTyperTests */,
			);
		};
/* End PBXProject section */

/* Begin PBXResourcesBuildPhase section */
		15C21D3418A83D5500C9D410 /* Resources */ = {
			isa = PBXResourcesBuildPhase;
			buildActionMask = 2147483647;
			files = (
				153911B418E496A9009FAB64 /* InfoPlist.strings in Resources */,
				153911B518E496A9009FAB64 /* Localizable.strings in Resources */,
				15C21D5518A83D5500C9D410 /* Images.xcassets in Resources */,
				153911B718E496A9009FAB64 /* Preferences.xib in Resources */,
				153911B218E496A9009FAB64 /* BPDocument.xib in Resources */,
				153911B318E496A9009FAB64 /* Credits.rtf in Resources */,
				15408A6818E3C90400127DA6 /* DCOAboutWindow.xib in Resources */,
				1502C2FC18B97B70002EC738 /* dsa_pub.pem in Resources */,
				153911B618E496A9009FAB64 /* MainMenu.xib in Resources */,
			);
			runOnlyForDeploymentPostprocessing = 0;
		};
		15C21D5818A83D5500C9D410 /* Resources */ = {
			isa = PBXResourcesBuildPhase;
			buildActionMask = 2147483647;
			files = (
			);
			runOnlyForDeploymentPostprocessing = 0;
		};
/* End PBXResourcesBuildPhase section */

/* Begin PBXShellScriptBuildPhase section */
		152CF4F818A9B264008D2ED8 /* ShellScript */ = {
			isa = PBXShellScriptBuildPhase;
			buildActionMask = 8;
			files = (
			);
			inputPaths = (
			);
			outputPaths = (
			);
			runOnlyForDeploymentPostprocessing = 1;
			shellPath = /bin/sh;
			shellScript = "/bin/sh \"TipTyper/BumpBuild.sh\" \"${PROJECT_DIR}/${INFOPLIST_FILE}\"";
		};
/* End PBXShellScriptBuildPhase section */

/* Begin PBXSourcesBuildPhase section */
		15C21D3218A83D5500C9D410 /* Sources */ = {
			isa = PBXSourcesBuildPhase;
			buildActionMask = 2147483647;
			files = (
				15C21DD418A94A5D00C9D410 /* BPBackgroundView.m in Sources */,
				15C21DC818A8580B00C9D410 /* NoodleLineNumberView.m in Sources */,
				15C21DD718A94F6800C9D410 /* BPTopBarView.m in Sources */,
				15C21DC718A8580B00C9D410 /* NoodleLineNumberMarker.m in Sources */,
				15C21DD118A94A4E00C9D410 /* NSString+WordsCount.m in Sources */,
				1502C30618B9AF5D002EC738 /* BPTextView.m in Sources */,
				15408A6918E3C90400127DA6 /* DCOAboutWindowController.m in Sources */,
				15C21D4D18A83D5500C9D410 /* BPDocument.m in Sources */,
				15C21D4618A83D5500C9D410 /* main.m in Sources */,
				15C21D7218A83D7C00C9D410 /* BPDocumentWindow.m in Sources */,
				1500F28218B056B500481A86 /* BPEncodingTool.m in Sources */,
				15408A6F18E3CA8B00127DA6 /* DCOTransparentScroller.m in Sources */,
				15753F5818AC78F5009E7E9E /* BPApplication.m in Sources */,
				15C21DC618A8580B00C9D410 /* MarkerLineNumberView.m in Sources */,
				15408A7018E3CA8B00127DA6 /* DCOTransparentScrollView.m in Sources */,
			);
			runOnlyForDeploymentPostprocessing = 0;
		};
		15C21D5618A83D5500C9D410 /* Sources */ = {
			isa = PBXSourcesBuildPhase;
			buildActionMask = 2147483647;
			files = (
				15C21D6718A83D5600C9D410 /* TipTyperTests.m in Sources */,
			);
			runOnlyForDeploymentPostprocessing = 0;
		};
/* End PBXSourcesBuildPhase section */

/* Begin PBXTargetDependency section */
		15C21D5F18A83D5600C9D410 /* PBXTargetDependency */ = {
			isa = PBXTargetDependency;
			target = 15C21D3518A83D5500C9D410 /* TipTyper */;
			targetProxy = 15C21D5E18A83D5600C9D410 /* PBXContainerItemProxy */;
		};
/* End PBXTargetDependency section */

/* Begin XCBuildConfiguration section */
		15C21D6818A83D5600C9D410 /* Debug */ = {
			isa = XCBuildConfiguration;
			buildSettings = {
				ALWAYS_SEARCH_USER_PATHS = NO;
				ARCHS = "$(ARCHS_STANDARD_64_BIT)";
				CLANG_CXX_LANGUAGE_STANDARD = "gnu++0x";
				CLANG_CXX_LIBRARY = "libc++";
				CLANG_ENABLE_MODULES = YES;
				CLANG_ENABLE_OBJC_ARC = YES;
				CLANG_WARN_BOOL_CONVERSION = YES;
				CLANG_WARN_CONSTANT_CONVERSION = YES;
				CLANG_WARN_DIRECT_OBJC_ISA_USAGE = YES_ERROR;
				CLANG_WARN_EMPTY_BODY = YES;
				CLANG_WARN_ENUM_CONVERSION = YES;
				CLANG_WARN_INT_CONVERSION = YES;
				CLANG_WARN_OBJC_ROOT_CLASS = YES_ERROR;
				CLANG_WARN__DUPLICATE_METHOD_MATCH = YES;
				COPY_PHASE_STRIP = NO;
				GCC_C_LANGUAGE_STANDARD = gnu99;
				GCC_DYNAMIC_NO_PIC = NO;
				GCC_ENABLE_OBJC_EXCEPTIONS = YES;
				GCC_OPTIMIZATION_LEVEL = 0;
				GCC_PREPROCESSOR_DEFINITIONS = (
					"DEBUG=1",
					"$(inherited)",
				);
				GCC_SYMBOLS_PRIVATE_EXTERN = NO;
				GCC_WARN_64_TO_32_BIT_CONVERSION = YES;
				GCC_WARN_ABOUT_RETURN_TYPE = YES_ERROR;
				GCC_WARN_UNDECLARED_SELECTOR = YES;
				GCC_WARN_UNINITIALIZED_AUTOS = YES_AGGRESSIVE;
				GCC_WARN_UNUSED_FUNCTION = YES;
				GCC_WARN_UNUSED_VARIABLE = YES;
				MACOSX_DEPLOYMENT_TARGET = 10.7;
				ONLY_ACTIVE_ARCH = NO;
				SDKROOT = macosx;
				VALID_ARCHS = x86_64;
			};
			name = Debug;
		};
		15C21D6918A83D5600C9D410 /* Release */ = {
			isa = XCBuildConfiguration;
			buildSettings = {
				ALWAYS_SEARCH_USER_PATHS = NO;
				ARCHS = "$(ARCHS_STANDARD_64_BIT)";
				CLANG_CXX_LANGUAGE_STANDARD = "gnu++0x";
				CLANG_CXX_LIBRARY = "libc++";
				CLANG_ENABLE_MODULES = YES;
				CLANG_ENABLE_OBJC_ARC = YES;
				CLANG_WARN_BOOL_CONVERSION = YES;
				CLANG_WARN_CONSTANT_CONVERSION = YES;
				CLANG_WARN_DIRECT_OBJC_ISA_USAGE = YES_ERROR;
				CLANG_WARN_EMPTY_BODY = YES;
				CLANG_WARN_ENUM_CONVERSION = YES;
				CLANG_WARN_INT_CONVERSION = YES;
				CLANG_WARN_OBJC_ROOT_CLASS = YES_ERROR;
				CLANG_WARN__DUPLICATE_METHOD_MATCH = YES;
				COPY_PHASE_STRIP = YES;
				DEBUG_INFORMATION_FORMAT = "dwarf-with-dsym";
				ENABLE_NS_ASSERTIONS = NO;
				GCC_C_LANGUAGE_STANDARD = gnu99;
				GCC_ENABLE_OBJC_EXCEPTIONS = YES;
				GCC_WARN_64_TO_32_BIT_CONVERSION = YES;
				GCC_WARN_ABOUT_RETURN_TYPE = YES_ERROR;
				GCC_WARN_UNDECLARED_SELECTOR = YES;
				GCC_WARN_UNINITIALIZED_AUTOS = YES_AGGRESSIVE;
				GCC_WARN_UNUSED_FUNCTION = YES;
				GCC_WARN_UNUSED_VARIABLE = YES;
				MACOSX_DEPLOYMENT_TARGET = 10.7;
				ONLY_ACTIVE_ARCH = NO;
				SDKROOT = macosx;
				VALID_ARCHS = x86_64;
			};
			name = Release;
		};
		15C21D6B18A83D5600C9D410 /* Debug */ = {
			isa = XCBuildConfiguration;
			buildSettings = {
				ARCHS = "$(ARCHS_STANDARD_32_64_BIT)";
				ASSETCATALOG_COMPILER_APPICON_NAME = AppIcon;
				COMBINE_HIDPI_IMAGES = YES;
				FRAMEWORK_SEARCH_PATHS = (
					"$(inherited)",
					"$(PROJECT_DIR)/TipTyper/Frameworks",
				);
				GCC_PRECOMPILE_PREFIX_HEADER = YES;
				GCC_PREFIX_HEADER = "TipTyper/TipTyper-Prefix.pch";
				INFOPLIST_FILE = "TipTyper/TipTyper-Info.plist";
				MACOSX_DEPLOYMENT_TARGET = 10.7;
				PRODUCT_NAME = "$(TARGET_NAME)";
				WRAPPER_EXTENSION = app;
			};
			name = Debug;
		};
		15C21D6C18A83D5600C9D410 /* Release */ = {
			isa = XCBuildConfiguration;
			buildSettings = {
				ARCHS = "$(ARCHS_STANDARD_32_64_BIT)";
				ASSETCATALOG_COMPILER_APPICON_NAME = AppIcon;
				COMBINE_HIDPI_IMAGES = YES;
				FRAMEWORK_SEARCH_PATHS = (
					"$(inherited)",
					"$(PROJECT_DIR)/TipTyper/Frameworks",
				);
				GCC_PRECOMPILE_PREFIX_HEADER = YES;
				GCC_PREFIX_HEADER = "TipTyper/TipTyper-Prefix.pch";
				INFOPLIST_FILE = "TipTyper/TipTyper-Info.plist";
				MACOSX_DEPLOYMENT_TARGET = 10.7;
				PRODUCT_NAME = "$(TARGET_NAME)";
				WRAPPER_EXTENSION = app;
			};
			name = Release;
		};
		15C21D6E18A83D5600C9D410 /* Debug */ = {
			isa = XCBuildConfiguration;
			buildSettings = {
				BUNDLE_LOADER = "$(BUILT_PRODUCTS_DIR)/TipTyper.app/Contents/MacOS/TipTyper";
				COMBINE_HIDPI_IMAGES = YES;
				FRAMEWORK_SEARCH_PATHS = (
					"$(DEVELOPER_FRAMEWORKS_DIR)",
					"$(inherited)",
				);
				GCC_PRECOMPILE_PREFIX_HEADER = YES;
				GCC_PREFIX_HEADER = "TipTyper/TipTyper-Prefix.pch";
				GCC_PREPROCESSOR_DEFINITIONS = (
					"DEBUG=1",
					"$(inherited)",
				);
				INFOPLIST_FILE = "TipTyperTests/TipTyperTests-Info.plist";
				PRODUCT_NAME = "$(TARGET_NAME)";
				TEST_HOST = "$(BUNDLE_LOADER)";
				WRAPPER_EXTENSION = xctest;
			};
			name = Debug;
		};
		15C21D6F18A83D5600C9D410 /* Release */ = {
			isa = XCBuildConfiguration;
			buildSettings = {
				BUNDLE_LOADER = "$(BUILT_PRODUCTS_DIR)/TipTyper.app/Contents/MacOS/TipTyper";
				COMBINE_HIDPI_IMAGES = YES;
				FRAMEWORK_SEARCH_PATHS = (
					"$(DEVELOPER_FRAMEWORKS_DIR)",
					"$(inherited)",
				);
				GCC_PRECOMPILE_PREFIX_HEADER = YES;
				GCC_PREFIX_HEADER = "TipTyper/TipTyper-Prefix.pch";
				INFOPLIST_FILE = "TipTyperTests/TipTyperTests-Info.plist";
				PRODUCT_NAME = "$(TARGET_NAME)";
				TEST_HOST = "$(BUNDLE_LOADER)";
				WRAPPER_EXTENSION = xctest;
			};
			name = Release;
		};
/* End XCBuildConfiguration section */

/* Begin XCConfigurationList section */
		15C21D3118A83D5500C9D410 /* Build configuration list for PBXProject "TipTyper" */ = {
			isa = XCConfigurationList;
			buildConfigurations = (
				15C21D6818A83D5600C9D410 /* Debug */,
				15C21D6918A83D5600C9D410 /* Release */,
			);
			defaultConfigurationIsVisible = 0;
			defaultConfigurationName = Release;
		};
		15C21D6A18A83D5600C9D410 /* Build configuration list for PBXNativeTarget "TipTyper" */ = {
			isa = XCConfigurationList;
			buildConfigurations = (
				15C21D6B18A83D5600C9D410 /* Debug */,
				15C21D6C18A83D5600C9D410 /* Release */,
			);
			defaultConfigurationIsVisible = 0;
			defaultConfigurationName = Release;
		};
		15C21D6D18A83D5600C9D410 /* Build configuration list for PBXNativeTarget "TipTyperTests" */ = {
			isa = XCConfigurationList;
			buildConfigurations = (
				15C21D6E18A83D5600C9D410 /* Debug */,
				15C21D6F18A83D5600C9D410 /* Release */,
			);
			defaultConfigurationIsVisible = 0;
			defaultConfigurationName = Release;
		};
/* End XCConfigurationList section */
	};
	rootObject = 15C21D2E18A83D5500C9D410 /* Project object */;
}
